// !$*UTF8*$!
{
	archiveVersion = 1;
	classes = {
	};
	objectVersion = 48;
	objects = {

/* Begin PBXBuildFile section */
		0B3938FE1FD7E939007720B1 /* HomeViewModel.swift in Sources */ = {isa = PBXBuildFile; fileRef = 0B3938FD1FD7E939007720B1 /* HomeViewModel.swift */; };
		0B3939071FD7EBDB007720B1 /* VenueDetailViewController.swift in Sources */ = {isa = PBXBuildFile; fileRef = 0B3939041FD7EBDA007720B1 /* VenueDetailViewController.swift */; };
		0B3939081FD7EBDB007720B1 /* VenueDetailViewController.xib in Resources */ = {isa = PBXBuildFile; fileRef = 0B3939051FD7EBDA007720B1 /* VenueDetailViewController.xib */; };
		0B3939091FD7EBDB007720B1 /* VenueDetailViewModel.swift in Sources */ = {isa = PBXBuildFile; fileRef = 0B3939061FD7EBDA007720B1 /* VenueDetailViewModel.swift */; };
		0B8CE17F1FD62F4D000FB024 /* DatabaseManager.swift in Sources */ = {isa = PBXBuildFile; fileRef = 0B8CE17E1FD62F4D000FB024 /* DatabaseManager.swift */; };
		0B8CE1811FD63F8D000FB024 /* FavoriteViewModel.swift in Sources */ = {isa = PBXBuildFile; fileRef = 0B8CE1801FD63F8D000FB024 /* FavoriteViewModel.swift */; };
		0BA5A5D31FD53F5B008A1750 /* VenueCell.swift in Sources */ = {isa = PBXBuildFile; fileRef = 0BA5A5D11FD53F5B008A1750 /* VenueCell.swift */; };
		0BA5A5D41FD53F5B008A1750 /* VenueCell.xib in Resources */ = {isa = PBXBuildFile; fileRef = 0BA5A5D21FD53F5B008A1750 /* VenueCell.xib */; };
		0BA5A5D61FD54B47008A1750 /* Photo.swift in Sources */ = {isa = PBXBuildFile; fileRef = 0BA5A5D51FD54B47008A1750 /* Photo.swift */; };
		0BA5A5DA1FD55027008A1750 /* String+Ext.swift in Sources */ = {isa = PBXBuildFile; fileRef = 0BA5A5D91FD55027008A1750 /* String+Ext.swift */; };
		0BA5A5DE1FD55F2D008A1750 /* VenueCellViewModel.swift in Sources */ = {isa = PBXBuildFile; fileRef = 0BA5A5DD1FD55F2D008A1750 /* VenueCellViewModel.swift */; };
		0BBA570A1FDA853700004E80 /* RealmObservable.swift in Sources */ = {isa = PBXBuildFile; fileRef = 0BBA57091FDA853700004E80 /* RealmObservable.swift */; };
		3A34B4751FCD632E007A4CC6 /* AppDelegate.swift in Sources */ = {isa = PBXBuildFile; fileRef = 3A34B4741FCD632E007A4CC6 /* AppDelegate.swift */; };
		3A34B4931FCD6A98007A4CC6 /* Assets.xcassets in Resources */ = {isa = PBXBuildFile; fileRef = 3A34B4871FCD6A98007A4CC6 /* Assets.xcassets */; };
		3A34B4951FCD6A98007A4CC6 /* LaunchScreen.storyboard in Resources */ = {isa = PBXBuildFile; fileRef = 3A34B48E1FCD6A98007A4CC6 /* LaunchScreen.storyboard */; };
		3A34B4A71FCD6B7C007A4CC6 /* Venue.swift in Sources */ = {isa = PBXBuildFile; fileRef = 3A34B4A01FCD6B7C007A4CC6 /* Venue.swift */; };
		3A34B4A81FCD6B7C007A4CC6 /* API.swift in Sources */ = {isa = PBXBuildFile; fileRef = 3A34B4A21FCD6B7C007A4CC6 /* API.swift */; };
		3A34B4A91FCD6B7C007A4CC6 /* DataManager.swift in Sources */ = {isa = PBXBuildFile; fileRef = 3A34B4A31FCD6B7C007A4CC6 /* DataManager.swift */; };
		3A34B4AD1FCD6BF6007A4CC6 /* Reactive+Extension.swift in Sources */ = {isa = PBXBuildFile; fileRef = 3A34B4AC1FCD6BF6007A4CC6 /* Reactive+Extension.swift */; };
		3A34B4B31FCD6D51007A4CC6 /* HomeViewController.swift in Sources */ = {isa = PBXBuildFile; fileRef = 3A34B4B21FCD6D50007A4CC6 /* HomeViewController.swift */; };
		3A34B4B61FCD6D88007A4CC6 /* ViewController.swift in Sources */ = {isa = PBXBuildFile; fileRef = 3A34B4B51FCD6D88007A4CC6 /* ViewController.swift */; };
		3A34B4BC1FCDB261007A4CC6 /* HomeViewController.xib in Resources */ = {isa = PBXBuildFile; fileRef = 3A34B4BB1FCDB261007A4CC6 /* HomeViewController.xib */; };
		3A34B4BF1FCDBA99007A4CC6 /* FavoriteViewController.swift in Sources */ = {isa = PBXBuildFile; fileRef = 3A34B4BD1FCDBA99007A4CC6 /* FavoriteViewController.swift */; };
		3A34B4C01FCDBA99007A4CC6 /* FavoriteViewController.xib in Resources */ = {isa = PBXBuildFile; fileRef = 3A34B4BE1FCDBA99007A4CC6 /* FavoriteViewController.xib */; };
		3A34B4C31FCDBAA5007A4CC6 /* ProfileViewController.swift in Sources */ = {isa = PBXBuildFile; fileRef = 3A34B4C11FCDBAA5007A4CC6 /* ProfileViewController.swift */; };
		3A34B4C41FCDBAA5007A4CC6 /* ProfileViewController.xib in Resources */ = {isa = PBXBuildFile; fileRef = 3A34B4C21FCDBAA5007A4CC6 /* ProfileViewController.xib */; };
		3A34B4CB1FCDBAD3007A4CC6 /* SearchViewController.swift in Sources */ = {isa = PBXBuildFile; fileRef = 3A34B4C91FCDBAD3007A4CC6 /* SearchViewController.swift */; };
		3A34B4CC1FCDBAD3007A4CC6 /* SearchViewController.xib in Resources */ = {isa = PBXBuildFile; fileRef = 3A34B4CA1FCDBAD3007A4CC6 /* SearchViewController.xib */; };
		3A34B4CE1FCDC139007A4CC6 /* API.Venue.swift in Sources */ = {isa = PBXBuildFile; fileRef = 3A34B4CD1FCDC139007A4CC6 /* API.Venue.swift */; };
		3ADAFC711FCFEBAF0003CD8E /* TabbarController.swift in Sources */ = {isa = PBXBuildFile; fileRef = 3ADAFC701FCFEBAF0003CD8E /* TabbarController.swift */; };
		744324C1E404DA52AFA7BF76 /* Pods_FSTests.framework in Frameworks */ = {isa = PBXBuildFile; fileRef = A2C5EB88A78E6F7081EA827C /* Pods_FSTests.framework */; };
		99311FEE1FD4EF8C00C4F426 /* FSTests.swift in Sources */ = {isa = PBXBuildFile; fileRef = 99311FED1FD4EF8C00C4F426 /* FSTests.swift */; };
		BC299787FDEF5E07CEA25D41 /* Pods_FS.framework in Frameworks */ = {isa = PBXBuildFile; fileRef = A23EE476810737E93C6EACB9 /* Pods_FS.framework */; };
/* End PBXBuildFile section */

/* Begin PBXContainerItemProxy section */
		99311FF01FD4EF8C00C4F426 /* PBXContainerItemProxy */ = {
			isa = PBXContainerItemProxy;
			containerPortal = 3A34B4691FCD632E007A4CC6 /* Project object */;
			proxyType = 1;
			remoteGlobalIDString = 3A34B4701FCD632E007A4CC6;
			remoteInfo = FS;
		};
/* End PBXContainerItemProxy section */

/* Begin PBXFileReference section */
		0B3938FD1FD7E939007720B1 /* HomeViewModel.swift */ = {isa = PBXFileReference; fileEncoding = 4; lastKnownFileType = sourcecode.swift; path = HomeViewModel.swift; sourceTree = "<group>"; };
		0B3939041FD7EBDA007720B1 /* VenueDetailViewController.swift */ = {isa = PBXFileReference; fileEncoding = 4; lastKnownFileType = sourcecode.swift; path = VenueDetailViewController.swift; sourceTree = "<group>"; };
		0B3939051FD7EBDA007720B1 /* VenueDetailViewController.xib */ = {isa = PBXFileReference; fileEncoding = 4; lastKnownFileType = file.xib; path = VenueDetailViewController.xib; sourceTree = "<group>"; };
		0B3939061FD7EBDA007720B1 /* VenueDetailViewModel.swift */ = {isa = PBXFileReference; fileEncoding = 4; lastKnownFileType = sourcecode.swift; path = VenueDetailViewModel.swift; sourceTree = "<group>"; };
		0B8CE17E1FD62F4D000FB024 /* DatabaseManager.swift */ = {isa = PBXFileReference; lastKnownFileType = sourcecode.swift; path = DatabaseManager.swift; sourceTree = "<group>"; };
		0B8CE1801FD63F8D000FB024 /* FavoriteViewModel.swift */ = {isa = PBXFileReference; lastKnownFileType = sourcecode.swift; path = FavoriteViewModel.swift; sourceTree = "<group>"; };
		0BA5A5D11FD53F5B008A1750 /* VenueCell.swift */ = {isa = PBXFileReference; lastKnownFileType = sourcecode.swift; path = VenueCell.swift; sourceTree = "<group>"; };
		0BA5A5D21FD53F5B008A1750 /* VenueCell.xib */ = {isa = PBXFileReference; lastKnownFileType = file.xib; path = VenueCell.xib; sourceTree = "<group>"; };
		0BA5A5D51FD54B47008A1750 /* Photo.swift */ = {isa = PBXFileReference; lastKnownFileType = sourcecode.swift; path = Photo.swift; sourceTree = "<group>"; };
		0BA5A5D91FD55027008A1750 /* String+Ext.swift */ = {isa = PBXFileReference; lastKnownFileType = sourcecode.swift; path = "String+Ext.swift"; sourceTree = "<group>"; };
		0BA5A5DD1FD55F2D008A1750 /* VenueCellViewModel.swift */ = {isa = PBXFileReference; lastKnownFileType = sourcecode.swift; path = VenueCellViewModel.swift; sourceTree = "<group>"; };
		0BBA57091FDA853700004E80 /* RealmObservable.swift */ = {isa = PBXFileReference; lastKnownFileType = sourcecode.swift; path = RealmObservable.swift; sourceTree = "<group>"; };
		31D5CF9CDE52140BCC14D669 /* Pods-FS.debug.xcconfig */ = {isa = PBXFileReference; includeInIndex = 1; lastKnownFileType = text.xcconfig; name = "Pods-FS.debug.xcconfig"; path = "../Pods/Target Support Files/Pods-FS/Pods-FS.debug.xcconfig"; sourceTree = "<group>"; };
		3A34B4711FCD632E007A4CC6 /* FS.app */ = {isa = PBXFileReference; explicitFileType = wrapper.application; includeInIndex = 0; path = FS.app; sourceTree = BUILT_PRODUCTS_DIR; };
		3A34B4741FCD632E007A4CC6 /* AppDelegate.swift */ = {isa = PBXFileReference; lastKnownFileType = sourcecode.swift; path = AppDelegate.swift; sourceTree = "<group>"; };
		3A34B4871FCD6A98007A4CC6 /* Assets.xcassets */ = {isa = PBXFileReference; lastKnownFileType = folder.assetcatalog; path = Assets.xcassets; sourceTree = "<group>"; };
		3A34B48F1FCD6A98007A4CC6 /* Base */ = {isa = PBXFileReference; lastKnownFileType = file.storyboard; name = Base; path = Base.lproj/LaunchScreen.storyboard; sourceTree = "<group>"; };
		3A34B4921FCD6A98007A4CC6 /* Info.plist */ = {isa = PBXFileReference; fileEncoding = 4; lastKnownFileType = text.plist.xml; path = Info.plist; sourceTree = "<group>"; };
		3A34B4A01FCD6B7C007A4CC6 /* Venue.swift */ = {isa = PBXFileReference; fileEncoding = 4; lastKnownFileType = sourcecode.swift; path = Venue.swift; sourceTree = "<group>"; };
		3A34B4A21FCD6B7C007A4CC6 /* API.swift */ = {isa = PBXFileReference; fileEncoding = 4; lastKnownFileType = sourcecode.swift; path = API.swift; sourceTree = "<group>"; };
		3A34B4A31FCD6B7C007A4CC6 /* DataManager.swift */ = {isa = PBXFileReference; fileEncoding = 4; lastKnownFileType = sourcecode.swift; path = DataManager.swift; sourceTree = "<group>"; };
		3A34B4AC1FCD6BF6007A4CC6 /* Reactive+Extension.swift */ = {isa = PBXFileReference; lastKnownFileType = sourcecode.swift; path = "Reactive+Extension.swift"; sourceTree = "<group>"; };
		3A34B4B21FCD6D50007A4CC6 /* HomeViewController.swift */ = {isa = PBXFileReference; fileEncoding = 4; lastKnownFileType = sourcecode.swift; path = HomeViewController.swift; sourceTree = "<group>"; };
		3A34B4B51FCD6D88007A4CC6 /* ViewController.swift */ = {isa = PBXFileReference; lastKnownFileType = sourcecode.swift; path = ViewController.swift; sourceTree = "<group>"; };
		3A34B4BB1FCDB261007A4CC6 /* HomeViewController.xib */ = {isa = PBXFileReference; lastKnownFileType = file.xib; path = HomeViewController.xib; sourceTree = "<group>"; };
		3A34B4BD1FCDBA99007A4CC6 /* FavoriteViewController.swift */ = {isa = PBXFileReference; lastKnownFileType = sourcecode.swift; path = FavoriteViewController.swift; sourceTree = "<group>"; };
		3A34B4BE1FCDBA99007A4CC6 /* FavoriteViewController.xib */ = {isa = PBXFileReference; lastKnownFileType = file.xib; path = FavoriteViewController.xib; sourceTree = "<group>"; };
		3A34B4C11FCDBAA5007A4CC6 /* ProfileViewController.swift */ = {isa = PBXFileReference; lastKnownFileType = sourcecode.swift; path = ProfileViewController.swift; sourceTree = "<group>"; };
		3A34B4C21FCDBAA5007A4CC6 /* ProfileViewController.xib */ = {isa = PBXFileReference; lastKnownFileType = file.xib; path = ProfileViewController.xib; sourceTree = "<group>"; };
		3A34B4C91FCDBAD3007A4CC6 /* SearchViewController.swift */ = {isa = PBXFileReference; fileEncoding = 4; lastKnownFileType = sourcecode.swift; path = SearchViewController.swift; sourceTree = "<group>"; };
		3A34B4CA1FCDBAD3007A4CC6 /* SearchViewController.xib */ = {isa = PBXFileReference; fileEncoding = 4; lastKnownFileType = file.xib; path = SearchViewController.xib; sourceTree = "<group>"; };
		3A34B4CD1FCDC139007A4CC6 /* API.Venue.swift */ = {isa = PBXFileReference; lastKnownFileType = sourcecode.swift; path = API.Venue.swift; sourceTree = "<group>"; };
		3ADAFC701FCFEBAF0003CD8E /* TabbarController.swift */ = {isa = PBXFileReference; lastKnownFileType = sourcecode.swift; path = TabbarController.swift; sourceTree = "<group>"; };
		3DE95C4B5B5D250C09BD7B7F /* Pods-FSTests.debug.xcconfig */ = {isa = PBXFileReference; includeInIndex = 1; lastKnownFileType = text.xcconfig; name = "Pods-FSTests.debug.xcconfig"; path = "../Pods/Target Support Files/Pods-FSTests/Pods-FSTests.debug.xcconfig"; sourceTree = "<group>"; };
		43C70F45CF82EBFACC02B350 /* Pods-FSTests.release.xcconfig */ = {isa = PBXFileReference; includeInIndex = 1; lastKnownFileType = text.xcconfig; name = "Pods-FSTests.release.xcconfig"; path = "../Pods/Target Support Files/Pods-FSTests/Pods-FSTests.release.xcconfig"; sourceTree = "<group>"; };
		8333D11530D63CCEE689C9B8 /* Pods-FS.release.xcconfig */ = {isa = PBXFileReference; includeInIndex = 1; lastKnownFileType = text.xcconfig; name = "Pods-FS.release.xcconfig"; path = "../Pods/Target Support Files/Pods-FS/Pods-FS.release.xcconfig"; sourceTree = "<group>"; };
		99311FEB1FD4EF8C00C4F426 /* FSTests.xctest */ = {isa = PBXFileReference; explicitFileType = wrapper.cfbundle; includeInIndex = 0; path = FSTests.xctest; sourceTree = BUILT_PRODUCTS_DIR; };
		99311FED1FD4EF8C00C4F426 /* FSTests.swift */ = {isa = PBXFileReference; lastKnownFileType = sourcecode.swift; path = FSTests.swift; sourceTree = "<group>"; };
		99311FEF1FD4EF8C00C4F426 /* Info.plist */ = {isa = PBXFileReference; lastKnownFileType = text.plist.xml; path = Info.plist; sourceTree = "<group>"; };
		A23EE476810737E93C6EACB9 /* Pods_FS.framework */ = {isa = PBXFileReference; explicitFileType = wrapper.framework; includeInIndex = 0; path = Pods_FS.framework; sourceTree = BUILT_PRODUCTS_DIR; };
		A2C5EB88A78E6F7081EA827C /* Pods_FSTests.framework */ = {isa = PBXFileReference; explicitFileType = wrapper.framework; includeInIndex = 0; path = Pods_FSTests.framework; sourceTree = BUILT_PRODUCTS_DIR; };
/* End PBXFileReference section */

/* Begin PBXFrameworksBuildPhase section */
		3A34B46E1FCD632E007A4CC6 /* Frameworks */ = {
			isa = PBXFrameworksBuildPhase;
			buildActionMask = 2147483647;
			files = (
				BC299787FDEF5E07CEA25D41 /* Pods_FS.framework in Frameworks */,
			);
			runOnlyForDeploymentPostprocessing = 0;
		};
		99311FE81FD4EF8C00C4F426 /* Frameworks */ = {
			isa = PBXFrameworksBuildPhase;
			buildActionMask = 2147483647;
			files = (
				744324C1E404DA52AFA7BF76 /* Pods_FSTests.framework in Frameworks */,
			);
			runOnlyForDeploymentPostprocessing = 0;
		};
/* End PBXFrameworksBuildPhase section */

/* Begin PBXGroup section */
		0B3939031FD7EBDA007720B1 /* VenueDetail */ = {
			isa = PBXGroup;
			children = (
				0B3939041FD7EBDA007720B1 /* VenueDetailViewController.swift */,
				0B3939051FD7EBDA007720B1 /* VenueDetailViewController.xib */,
				0B3939061FD7EBDA007720B1 /* VenueDetailViewModel.swift */,
			);
			path = VenueDetail;
			sourceTree = "<group>";
		};
		0BA5A5D01FD53EB8008A1750 /* Cell */ = {
			isa = PBXGroup;
			children = (
				0BA5A5D11FD53F5B008A1750 /* VenueCell.swift */,
				0BA5A5D21FD53F5B008A1750 /* VenueCell.xib */,
				0BA5A5DD1FD55F2D008A1750 /* VenueCellViewModel.swift */,
			);
			path = Cell;
			sourceTree = "<group>";
		};
		0BA5A5D71FD5500D008A1750 /* Library */ = {
			isa = PBXGroup;
			children = (
				0BA5A5D81FD5501C008A1750 /* Ext */,
			);
			path = Library;
			sourceTree = "<group>";
		};
		0BA5A5D81FD5501C008A1750 /* Ext */ = {
			isa = PBXGroup;
			children = (
				0BA5A5D91FD55027008A1750 /* String+Ext.swift */,
			);
			path = Ext;
			sourceTree = "<group>";
		};
		3A34B4681FCD632E007A4CC6 = {
			isa = PBXGroup;
			children = (
				3A34B4731FCD632E007A4CC6 /* FS */,
				99311FEC1FD4EF8C00C4F426 /* FSTests */,
				3A34B4721FCD632E007A4CC6 /* Products */,
				E8C8B913836B9715A0E73E54 /* Pods */,
				6B4CC63765DD60F883D3E842 /* Frameworks */,
			);
			sourceTree = "<group>";
		};
		3A34B4721FCD632E007A4CC6 /* Products */ = {
			isa = PBXGroup;
			children = (
				3A34B4711FCD632E007A4CC6 /* FS.app */,
				99311FEB1FD4EF8C00C4F426 /* FSTests.xctest */,
			);
			name = Products;
			sourceTree = "<group>";
		};
		3A34B4731FCD632E007A4CC6 /* FS */ = {
			isa = PBXGroup;
			children = (
				3A34B4741FCD632E007A4CC6 /* AppDelegate.swift */,
				3A34B49E1FCD6B7C007A4CC6 /* Classes */,
				3A34B48D1FCD6A98007A4CC6 /* Configuration */,
				3A34B4861FCD6A98007A4CC6 /* Resource */,
			);
			path = FS;
			sourceTree = "<group>";
		};
		3A34B4861FCD6A98007A4CC6 /* Resource */ = {
			isa = PBXGroup;
			children = (
				3A34B4871FCD6A98007A4CC6 /* Assets.xcassets */,
			);
			path = Resource;
			sourceTree = "<group>";
		};
		3A34B48D1FCD6A98007A4CC6 /* Configuration */ = {
			isa = PBXGroup;
			children = (
				3A34B48E1FCD6A98007A4CC6 /* LaunchScreen.storyboard */,
				3A34B4921FCD6A98007A4CC6 /* Info.plist */,
			);
			path = Configuration;
			sourceTree = "<group>";
		};
		3A34B49E1FCD6B7C007A4CC6 /* Classes */ = {
			isa = PBXGroup;
			children = (
				0BA5A5D71FD5500D008A1750 /* Library */,
				3A34B49F1FCD6B7C007A4CC6 /* Model */,
				3A34B4AB1FCD6BEA007A4CC6 /* Reactive+Extension */,
				3A34B4A11FCD6B7C007A4CC6 /* Service */,
				3A34B4A41FCD6B7C007A4CC6 /* View */,
			);
			path = Classes;
			sourceTree = "<group>";
		};
		3A34B49F1FCD6B7C007A4CC6 /* Model */ = {
			isa = PBXGroup;
			children = (
				3A34B4A01FCD6B7C007A4CC6 /* Venue.swift */,
				0BA5A5D51FD54B47008A1750 /* Photo.swift */,
			);
			path = Model;
			sourceTree = "<group>";
		};
		3A34B4A11FCD6B7C007A4CC6 /* Service */ = {
			isa = PBXGroup;
			children = (
				3A34B4A21FCD6B7C007A4CC6 /* API.swift */,
				3A34B4CD1FCDC139007A4CC6 /* API.Venue.swift */,
				3A34B4A31FCD6B7C007A4CC6 /* DataManager.swift */,
				0B8CE17E1FD62F4D000FB024 /* DatabaseManager.swift */,
			);
			path = Service;
			sourceTree = "<group>";
		};
		3A34B4A41FCD6B7C007A4CC6 /* View */ = {
			isa = PBXGroup;
			children = (
				3A34B4A51FCD6B7C007A4CC6 /* Controller */,
			);
			path = View;
			sourceTree = "<group>";
		};
		3A34B4A51FCD6B7C007A4CC6 /* Controller */ = {
			isa = PBXGroup;
			children = (
				3A34B4B41FCD6D73007A4CC6 /* Base */,
				3A34B4AF1FCD6CAE007A4CC6 /* Favorite */,
				3A34B4AE1FCD6CA7007A4CC6 /* Home */,
				3A34B4B11FCD6CBE007A4CC6 /* Profile */,
				3A34B4B01FCD6CB7007A4CC6 /* Search */,
				0B3939031FD7EBDA007720B1 /* VenueDetail */,
			);
			path = Controller;
			sourceTree = "<group>";
		};
		3A34B4AB1FCD6BEA007A4CC6 /* Reactive+Extension */ = {
			isa = PBXGroup;
			children = (
				3A34B4AC1FCD6BF6007A4CC6 /* Reactive+Extension.swift */,
				0BBA57091FDA853700004E80 /* RealmObservable.swift */,
			);
			path = "Reactive+Extension";
			sourceTree = "<group>";
		};
		3A34B4AE1FCD6CA7007A4CC6 /* Home */ = {
			isa = PBXGroup;
			children = (
				0B3938FD1FD7E939007720B1 /* HomeViewModel.swift */,
				3A34B4B21FCD6D50007A4CC6 /* HomeViewController.swift */,
				3A34B4BB1FCDB261007A4CC6 /* HomeViewController.xib */,
			);
			path = Home;
			sourceTree = "<group>";
		};
		3A34B4AF1FCD6CAE007A4CC6 /* Favorite */ = {
			isa = PBXGroup;
			children = (
				3A34B4BD1FCDBA99007A4CC6 /* FavoriteViewController.swift */,
				3A34B4BE1FCDBA99007A4CC6 /* FavoriteViewController.xib */,
				0B8CE1801FD63F8D000FB024 /* FavoriteViewModel.swift */,
				0BA5A5D01FD53EB8008A1750 /* Cell */,
			);
			path = Favorite;
			sourceTree = "<group>";
		};
		3A34B4B01FCD6CB7007A4CC6 /* Search */ = {
			isa = PBXGroup;
			children = (
				3A34B4C91FCDBAD3007A4CC6 /* SearchViewController.swift */,
				3A34B4CA1FCDBAD3007A4CC6 /* SearchViewController.xib */,
			);
			path = Search;
			sourceTree = "<group>";
		};
		3A34B4B11FCD6CBE007A4CC6 /* Profile */ = {
			isa = PBXGroup;
			children = (
				3A34B4C11FCDBAA5007A4CC6 /* ProfileViewController.swift */,
				3A34B4C21FCDBAA5007A4CC6 /* ProfileViewController.xib */,
			);
			path = Profile;
			sourceTree = "<group>";
		};
		3A34B4B41FCD6D73007A4CC6 /* Base */ = {
			isa = PBXGroup;
			children = (
				3A34B4B51FCD6D88007A4CC6 /* ViewController.swift */,
				3ADAFC701FCFEBAF0003CD8E /* TabbarController.swift */,
			);
			path = Base;
			sourceTree = "<group>";
		};
		6B4CC63765DD60F883D3E842 /* Frameworks */ = {
			isa = PBXGroup;
			children = (
				A23EE476810737E93C6EACB9 /* Pods_FS.framework */,
				A2C5EB88A78E6F7081EA827C /* Pods_FSTests.framework */,
			);
			name = Frameworks;
			sourceTree = "<group>";
		};
		99311FEC1FD4EF8C00C4F426 /* FSTests */ = {
			isa = PBXGroup;
			children = (
				99311FED1FD4EF8C00C4F426 /* FSTests.swift */,
				99311FEF1FD4EF8C00C4F426 /* Info.plist */,
			);
			path = FSTests;
			sourceTree = "<group>";
		};
		E8C8B913836B9715A0E73E54 /* Pods */ = {
			isa = PBXGroup;
			children = (
				31D5CF9CDE52140BCC14D669 /* Pods-FS.debug.xcconfig */,
				8333D11530D63CCEE689C9B8 /* Pods-FS.release.xcconfig */,
				3DE95C4B5B5D250C09BD7B7F /* Pods-FSTests.debug.xcconfig */,
				43C70F45CF82EBFACC02B350 /* Pods-FSTests.release.xcconfig */,
			);
			name = Pods;
			sourceTree = "<group>";
		};
/* End PBXGroup section */

/* Begin PBXNativeTarget section */
		3A34B4701FCD632E007A4CC6 /* FS */ = {
			isa = PBXNativeTarget;
			buildConfigurationList = 3A34B4831FCD632E007A4CC6 /* Build configuration list for PBXNativeTarget "FS" */;
			buildPhases = (
				8C0E9DA5F4A8A66F872BB925 /* [CP] Check Pods Manifest.lock */,
				3A34B46D1FCD632E007A4CC6 /* Sources */,
				3A34B46E1FCD632E007A4CC6 /* Frameworks */,
				3A34B46F1FCD632E007A4CC6 /* Resources */,
				B3E17B01E95EB6940D734471 /* [CP] Embed Pods Frameworks */,
				E32A97304BC40D0F1E0C2A48 /* [CP] Copy Pods Resources */,
			);
			buildRules = (
			);
			dependencies = (
			);
			name = FS;
			productName = FS;
			productReference = 3A34B4711FCD632E007A4CC6 /* FS.app */;
			productType = "com.apple.product-type.application";
		};
		99311FEA1FD4EF8C00C4F426 /* FSTests */ = {
			isa = PBXNativeTarget;
			buildConfigurationList = 99311FF41FD4EF8C00C4F426 /* Build configuration list for PBXNativeTarget "FSTests" */;
			buildPhases = (
				8E6DC6D7C5AF077095442AD3 /* [CP] Check Pods Manifest.lock */,
				99311FE71FD4EF8C00C4F426 /* Sources */,
				99311FE81FD4EF8C00C4F426 /* Frameworks */,
				99311FE91FD4EF8C00C4F426 /* Resources */,
				11DDE6D4B4F8F23EB5026FA4 /* [CP] Embed Pods Frameworks */,
				F94C44AFDF8C15BE00F5F97B /* [CP] Copy Pods Resources */,
			);
			buildRules = (
			);
			dependencies = (
				99311FF11FD4EF8C00C4F426 /* PBXTargetDependency */,
			);
			name = FSTests;
			productName = FSTests;
			productReference = 99311FEB1FD4EF8C00C4F426 /* FSTests.xctest */;
			productType = "com.apple.product-type.bundle.unit-test";
		};
/* End PBXNativeTarget section */

/* Begin PBXProject section */
		3A34B4691FCD632E007A4CC6 /* Project object */ = {
			isa = PBXProject;
			attributes = {
				LastSwiftUpdateCheck = 0910;
				LastUpgradeCheck = 0900;
				ORGANIZATIONNAME = thinhxavi;
				TargetAttributes = {
					3A34B4701FCD632E007A4CC6 = {
						CreatedOnToolsVersion = 9.0;
						ProvisioningStyle = Automatic;
					};
					99311FEA1FD4EF8C00C4F426 = {
						CreatedOnToolsVersion = 9.1;
						ProvisioningStyle = Automatic;
						TestTargetID = 3A34B4701FCD632E007A4CC6;
					};
				};
			};
			buildConfigurationList = 3A34B46C1FCD632E007A4CC6 /* Build configuration list for PBXProject "FS" */;
			compatibilityVersion = "Xcode 8.0";
			developmentRegion = en;
			hasScannedForEncodings = 0;
			knownRegions = (
				en,
				Base,
			);
			mainGroup = 3A34B4681FCD632E007A4CC6;
			productRefGroup = 3A34B4721FCD632E007A4CC6 /* Products */;
			projectDirPath = "";
			projectRoot = "";
			targets = (
				3A34B4701FCD632E007A4CC6 /* FS */,
				99311FEA1FD4EF8C00C4F426 /* FSTests */,
			);
		};
/* End PBXProject section */

/* Begin PBXResourcesBuildPhase section */
		3A34B46F1FCD632E007A4CC6 /* Resources */ = {
			isa = PBXResourcesBuildPhase;
			buildActionMask = 2147483647;
			files = (
				3A34B4C41FCDBAA5007A4CC6 /* ProfileViewController.xib in Resources */,
				0B3939081FD7EBDB007720B1 /* VenueDetailViewController.xib in Resources */,
				3A34B4C01FCDBA99007A4CC6 /* FavoriteViewController.xib in Resources */,
				3A34B4BC1FCDB261007A4CC6 /* HomeViewController.xib in Resources */,
				3A34B4931FCD6A98007A4CC6 /* Assets.xcassets in Resources */,
				3A34B4CC1FCDBAD3007A4CC6 /* SearchViewController.xib in Resources */,
				0BA5A5D41FD53F5B008A1750 /* VenueCell.xib in Resources */,
				3A34B4951FCD6A98007A4CC6 /* LaunchScreen.storyboard in Resources */,
			);
			runOnlyForDeploymentPostprocessing = 0;
		};
		99311FE91FD4EF8C00C4F426 /* Resources */ = {
			isa = PBXResourcesBuildPhase;
			buildActionMask = 2147483647;
			files = (
			);
			runOnlyForDeploymentPostprocessing = 0;
		};
/* End PBXResourcesBuildPhase section */

/* Begin PBXShellScriptBuildPhase section */
		11DDE6D4B4F8F23EB5026FA4 /* [CP] Embed Pods Frameworks */ = {
			isa = PBXShellScriptBuildPhase;
			buildActionMask = 2147483647;
			files = (
			);
			inputPaths = (
				"${SRCROOT}/../Pods/Target Support Files/Pods-FSTests/Pods-FSTests-frameworks.sh",
				"${BUILT_PRODUCTS_DIR}/RxCocoa/RxCocoa.framework",
				"${BUILT_PRODUCTS_DIR}/RxSwift/RxSwift.framework",
				"${BUILT_PRODUCTS_DIR}/RxBlocking/RxBlocking.framework",
				"${BUILT_PRODUCTS_DIR}/RxTest/RxTest.framework",
			);
			name = "[CP] Embed Pods Frameworks";
			outputPaths = (
				"${TARGET_BUILD_DIR}/${FRAMEWORKS_FOLDER_PATH}/RxCocoa.framework",
				"${TARGET_BUILD_DIR}/${FRAMEWORKS_FOLDER_PATH}/RxSwift.framework",
				"${TARGET_BUILD_DIR}/${FRAMEWORKS_FOLDER_PATH}/RxBlocking.framework",
				"${TARGET_BUILD_DIR}/${FRAMEWORKS_FOLDER_PATH}/RxTest.framework",
			);
			runOnlyForDeploymentPostprocessing = 0;
			shellPath = /bin/sh;
			shellScript = "\"${SRCROOT}/../Pods/Target Support Files/Pods-FSTests/Pods-FSTests-frameworks.sh\"\n";
			showEnvVarsInLog = 0;
		};
		8C0E9DA5F4A8A66F872BB925 /* [CP] Check Pods Manifest.lock */ = {
			isa = PBXShellScriptBuildPhase;
			buildActionMask = 2147483647;
			files = (
			);
			inputPaths = (
				"${PODS_PODFILE_DIR_PATH}/Podfile.lock",
				"${PODS_ROOT}/Manifest.lock",
			);
			name = "[CP] Check Pods Manifest.lock";
			outputPaths = (
				"$(DERIVED_FILE_DIR)/Pods-FS-checkManifestLockResult.txt",
			);
			runOnlyForDeploymentPostprocessing = 0;
			shellPath = /bin/sh;
			shellScript = "diff \"${PODS_PODFILE_DIR_PATH}/Podfile.lock\" \"${PODS_ROOT}/Manifest.lock\" > /dev/null\nif [ $? != 0 ] ; then\n    # print error to STDERR\n    echo \"error: The sandbox is not in sync with the Podfile.lock. Run 'pod install' or update your CocoaPods installation.\" >&2\n    exit 1\nfi\n# This output is used by Xcode 'outputs' to avoid re-running this script phase.\necho \"SUCCESS\" > \"${SCRIPT_OUTPUT_FILE_0}\"\n";
			showEnvVarsInLog = 0;
		};
		8E6DC6D7C5AF077095442AD3 /* [CP] Check Pods Manifest.lock */ = {
			isa = PBXShellScriptBuildPhase;
			buildActionMask = 2147483647;
			files = (
			);
			inputPaths = (
				"${PODS_PODFILE_DIR_PATH}/Podfile.lock",
				"${PODS_ROOT}/Manifest.lock",
			);
			name = "[CP] Check Pods Manifest.lock";
			outputPaths = (
				"$(DERIVED_FILE_DIR)/Pods-FSTests-checkManifestLockResult.txt",
			);
			runOnlyForDeploymentPostprocessing = 0;
			shellPath = /bin/sh;
			shellScript = "diff \"${PODS_PODFILE_DIR_PATH}/Podfile.lock\" \"${PODS_ROOT}/Manifest.lock\" > /dev/null\nif [ $? != 0 ] ; then\n    # print error to STDERR\n    echo \"error: The sandbox is not in sync with the Podfile.lock. Run 'pod install' or update your CocoaPods installation.\" >&2\n    exit 1\nfi\n# This output is used by Xcode 'outputs' to avoid re-running this script phase.\necho \"SUCCESS\" > \"${SCRIPT_OUTPUT_FILE_0}\"\n";
			showEnvVarsInLog = 0;
		};
		B3E17B01E95EB6940D734471 /* [CP] Embed Pods Frameworks */ = {
			isa = PBXShellScriptBuildPhase;
			buildActionMask = 2147483647;
			files = (
			);
			inputPaths = (
				"${SRCROOT}/../Pods/Target Support Files/Pods-FS/Pods-FS-frameworks.sh",
				"${BUILT_PRODUCTS_DIR}/RxCocoa/RxCocoa.framework",
				"${BUILT_PRODUCTS_DIR}/RxSwift/RxSwift.framework",
				"${BUILT_PRODUCTS_DIR}/MVVM-Swift/MVVM.framework",
				"${BUILT_PRODUCTS_DIR}/ObjectMapper/ObjectMapper.framework",
				"${BUILT_PRODUCTS_DIR}/Realm/Realm.framework",
				"${BUILT_PRODUCTS_DIR}/RealmSwift/RealmSwift.framework",
				"${BUILT_PRODUCTS_DIR}/SVProgressHUD/SVProgressHUD.framework",
				"${BUILT_PRODUCTS_DIR}/SnapKit/SnapKit.framework",
				"${BUILT_PRODUCTS_DIR}/SwiftUtils/SwiftUtils.framework",
			);
			name = "[CP] Embed Pods Frameworks";
			outputPaths = (
				"${TARGET_BUILD_DIR}/${FRAMEWORKS_FOLDER_PATH}/RxCocoa.framework",
				"${TARGET_BUILD_DIR}/${FRAMEWORKS_FOLDER_PATH}/RxSwift.framework",
				"${TARGET_BUILD_DIR}/${FRAMEWORKS_FOLDER_PATH}/MVVM.framework",
				"${TARGET_BUILD_DIR}/${FRAMEWORKS_FOLDER_PATH}/ObjectMapper.framework",
				"${TARGET_BUILD_DIR}/${FRAMEWORKS_FOLDER_PATH}/Realm.framework",
				"${TARGET_BUILD_DIR}/${FRAMEWORKS_FOLDER_PATH}/RealmSwift.framework",
				"${TARGET_BUILD_DIR}/${FRAMEWORKS_FOLDER_PATH}/SVProgressHUD.framework",
				"${TARGET_BUILD_DIR}/${FRAMEWORKS_FOLDER_PATH}/SnapKit.framework",
				"${TARGET_BUILD_DIR}/${FRAMEWORKS_FOLDER_PATH}/SwiftUtils.framework",
			);
			runOnlyForDeploymentPostprocessing = 0;
			shellPath = /bin/sh;
			shellScript = "\"${SRCROOT}/../Pods/Target Support Files/Pods-FS/Pods-FS-frameworks.sh\"\n";
			showEnvVarsInLog = 0;
		};
		E32A97304BC40D0F1E0C2A48 /* [CP] Copy Pods Resources */ = {
			isa = PBXShellScriptBuildPhase;
			buildActionMask = 2147483647;
			files = (
			);
			inputPaths = (
			);
			name = "[CP] Copy Pods Resources";
			outputPaths = (
			);
			runOnlyForDeploymentPostprocessing = 0;
			shellPath = /bin/sh;
			shellScript = "\"${SRCROOT}/../Pods/Target Support Files/Pods-FS/Pods-FS-resources.sh\"\n";
			showEnvVarsInLog = 0;
		};
		F94C44AFDF8C15BE00F5F97B /* [CP] Copy Pods Resources */ = {
			isa = PBXShellScriptBuildPhase;
			buildActionMask = 2147483647;
			files = (
			);
			inputPaths = (
			);
			name = "[CP] Copy Pods Resources";
			outputPaths = (
			);
			runOnlyForDeploymentPostprocessing = 0;
			shellPath = /bin/sh;
			shellScript = "\"${SRCROOT}/../Pods/Target Support Files/Pods-FSTests/Pods-FSTests-resources.sh\"\n";
			showEnvVarsInLog = 0;
		};
/* End PBXShellScriptBuildPhase section */

/* Begin PBXSourcesBuildPhase section */
		3A34B46D1FCD632E007A4CC6 /* Sources */ = {
			isa = PBXSourcesBuildPhase;
			buildActionMask = 2147483647;
			files = (
				0B3938FE1FD7E939007720B1 /* HomeViewModel.swift in Sources */,
				0BA5A5D61FD54B47008A1750 /* Photo.swift in Sources */,
				3A34B4CB1FCDBAD3007A4CC6 /* SearchViewController.swift in Sources */,
				3ADAFC711FCFEBAF0003CD8E /* TabbarController.swift in Sources */,
				3A34B4B31FCD6D51007A4CC6 /* HomeViewController.swift in Sources */,
				3A34B4751FCD632E007A4CC6 /* AppDelegate.swift in Sources */,
				0BA5A5D31FD53F5B008A1750 /* VenueCell.swift in Sources */,
				3A34B4A91FCD6B7C007A4CC6 /* DataManager.swift in Sources */,
				0B8CE1811FD63F8D000FB024 /* FavoriteViewModel.swift in Sources */,
				0BA5A5DE1FD55F2D008A1750 /* VenueCellViewModel.swift in Sources */,
				0B8CE17F1FD62F4D000FB024 /* DatabaseManager.swift in Sources */,
				3A34B4A81FCD6B7C007A4CC6 /* API.swift in Sources */,
				0BBA570A1FDA853700004E80 /* RealmObservable.swift in Sources */,
				3A34B4CE1FCDC139007A4CC6 /* API.Venue.swift in Sources */,
				3A34B4B61FCD6D88007A4CC6 /* ViewController.swift in Sources */,
				3A34B4AD1FCD6BF6007A4CC6 /* Reactive+Extension.swift in Sources */,
				3A34B4C31FCDBAA5007A4CC6 /* ProfileViewController.swift in Sources */,
				0BA5A5DA1FD55027008A1750 /* String+Ext.swift in Sources */,
				0B3939071FD7EBDB007720B1 /* VenueDetailViewController.swift in Sources */,
				0B3939091FD7EBDB007720B1 /* VenueDetailViewModel.swift in Sources */,
				3A34B4BF1FCDBA99007A4CC6 /* FavoriteViewController.swift in Sources */,
				3A34B4A71FCD6B7C007A4CC6 /* Venue.swift in Sources */,
			);
			runOnlyForDeploymentPostprocessing = 0;
		};
		99311FE71FD4EF8C00C4F426 /* Sources */ = {
			isa = PBXSourcesBuildPhase;
			buildActionMask = 2147483647;
			files = (
				99311FEE1FD4EF8C00C4F426 /* FSTests.swift in Sources */,
			);
			runOnlyForDeploymentPostprocessing = 0;
		};
/* End PBXSourcesBuildPhase section */

/* Begin PBXTargetDependency section */
		99311FF11FD4EF8C00C4F426 /* PBXTargetDependency */ = {
			isa = PBXTargetDependency;
			target = 3A34B4701FCD632E007A4CC6 /* FS */;
			targetProxy = 99311FF01FD4EF8C00C4F426 /* PBXContainerItemProxy */;
		};
/* End PBXTargetDependency section */

/* Begin PBXVariantGroup section */
		3A34B48E1FCD6A98007A4CC6 /* LaunchScreen.storyboard */ = {
			isa = PBXVariantGroup;
			children = (
				3A34B48F1FCD6A98007A4CC6 /* Base */,
			);
			name = LaunchScreen.storyboard;
			sourceTree = "<group>";
		};
/* End PBXVariantGroup section */

/* Begin XCBuildConfiguration section */
		3A34B4811FCD632E007A4CC6 /* Debug */ = {
			isa = XCBuildConfiguration;
			buildSettings = {
				ALWAYS_SEARCH_USER_PATHS = NO;
				CLANG_ANALYZER_NONNULL = YES;
				CLANG_ANALYZER_NUMBER_OBJECT_CONVERSION = YES_AGGRESSIVE;
				CLANG_CXX_LANGUAGE_STANDARD = "gnu++14";
				CLANG_CXX_LIBRARY = "libc++";
				CLANG_ENABLE_MODULES = YES;
				CLANG_ENABLE_OBJC_ARC = YES;
				CLANG_WARN_BLOCK_CAPTURE_AUTORELEASING = YES;
				CLANG_WARN_BOOL_CONVERSION = YES;
				CLANG_WARN_COMMA = YES;
				CLANG_WARN_CONSTANT_CONVERSION = YES;
				CLANG_WARN_DIRECT_OBJC_ISA_USAGE = YES_ERROR;
				CLANG_WARN_DOCUMENTATION_COMMENTS = YES;
				CLANG_WARN_EMPTY_BODY = YES;
				CLANG_WARN_ENUM_CONVERSION = YES;
				CLANG_WARN_INFINITE_RECURSION = YES;
				CLANG_WARN_INT_CONVERSION = YES;
				CLANG_WARN_NON_LITERAL_NULL_CONVERSION = YES;
				CLANG_WARN_OBJC_LITERAL_CONVERSION = YES;
				CLANG_WARN_OBJC_ROOT_CLASS = YES_ERROR;
				CLANG_WARN_RANGE_LOOP_ANALYSIS = YES;
				CLANG_WARN_STRICT_PROTOTYPES = YES;
				CLANG_WARN_SUSPICIOUS_MOVE = YES;
				CLANG_WARN_UNGUARDED_AVAILABILITY = YES_AGGRESSIVE;
				CLANG_WARN_UNREACHABLE_CODE = YES;
				CLANG_WARN__DUPLICATE_METHOD_MATCH = YES;
				CODE_SIGN_IDENTITY = "iPhone Developer";
				COPY_PHASE_STRIP = NO;
				DEBUG_INFORMATION_FORMAT = dwarf;
				ENABLE_STRICT_OBJC_MSGSEND = YES;
				ENABLE_TESTABILITY = YES;
				GCC_C_LANGUAGE_STANDARD = gnu11;
				GCC_DYNAMIC_NO_PIC = NO;
				GCC_NO_COMMON_BLOCKS = YES;
				GCC_OPTIMIZATION_LEVEL = 0;
				GCC_PREPROCESSOR_DEFINITIONS = (
					"DEBUG=1",
					"$(inherited)",
				);
				GCC_WARN_64_TO_32_BIT_CONVERSION = YES;
				GCC_WARN_ABOUT_RETURN_TYPE = YES_ERROR;
				GCC_WARN_UNDECLARED_SELECTOR = YES;
				GCC_WARN_UNINITIALIZED_AUTOS = YES_AGGRESSIVE;
				GCC_WARN_UNUSED_FUNCTION = YES;
				GCC_WARN_UNUSED_VARIABLE = YES;
				IPHONEOS_DEPLOYMENT_TARGET = 11.0;
				MTL_ENABLE_DEBUG_INFO = YES;
				ONLY_ACTIVE_ARCH = YES;
				SDKROOT = iphoneos;
				SWIFT_ACTIVE_COMPILATION_CONDITIONS = DEBUG;
				SWIFT_OPTIMIZATION_LEVEL = "-Onone";
				SWIFT_VERSION = 3.0;
			};
			name = Debug;
		};
		3A34B4821FCD632E007A4CC6 /* Release */ = {
			isa = XCBuildConfiguration;
			buildSettings = {
				ALWAYS_SEARCH_USER_PATHS = NO;
				CLANG_ANALYZER_NONNULL = YES;
				CLANG_ANALYZER_NUMBER_OBJECT_CONVERSION = YES_AGGRESSIVE;
				CLANG_CXX_LANGUAGE_STANDARD = "gnu++14";
				CLANG_CXX_LIBRARY = "libc++";
				CLANG_ENABLE_MODULES = YES;
				CLANG_ENABLE_OBJC_ARC = YES;
				CLANG_WARN_BLOCK_CAPTURE_AUTORELEASING = YES;
				CLANG_WARN_BOOL_CONVERSION = YES;
				CLANG_WARN_COMMA = YES;
				CLANG_WARN_CONSTANT_CONVERSION = YES;
				CLANG_WARN_DIRECT_OBJC_ISA_USAGE = YES_ERROR;
				CLANG_WARN_DOCUMENTATION_COMMENTS = YES;
				CLANG_WARN_EMPTY_BODY = YES;
				CLANG_WARN_ENUM_CONVERSION = YES;
				CLANG_WARN_INFINITE_RECURSION = YES;
				CLANG_WARN_INT_CONVERSION = YES;
				CLANG_WARN_NON_LITERAL_NULL_CONVERSION = YES;
				CLANG_WARN_OBJC_LITERAL_CONVERSION = YES;
				CLANG_WARN_OBJC_ROOT_CLASS = YES_ERROR;
				CLANG_WARN_RANGE_LOOP_ANALYSIS = YES;
				CLANG_WARN_STRICT_PROTOTYPES = YES;
				CLANG_WARN_SUSPICIOUS_MOVE = YES;
				CLANG_WARN_UNGUARDED_AVAILABILITY = YES_AGGRESSIVE;
				CLANG_WARN_UNREACHABLE_CODE = YES;
				CLANG_WARN__DUPLICATE_METHOD_MATCH = YES;
				CODE_SIGN_IDENTITY = "iPhone Developer";
				COPY_PHASE_STRIP = NO;
				DEBUG_INFORMATION_FORMAT = "dwarf-with-dsym";
				ENABLE_NS_ASSERTIONS = NO;
				ENABLE_STRICT_OBJC_MSGSEND = YES;
				GCC_C_LANGUAGE_STANDARD = gnu11;
				GCC_NO_COMMON_BLOCKS = YES;
				GCC_WARN_64_TO_32_BIT_CONVERSION = YES;
				GCC_WARN_ABOUT_RETURN_TYPE = YES_ERROR;
				GCC_WARN_UNDECLARED_SELECTOR = YES;
				GCC_WARN_UNINITIALIZED_AUTOS = YES_AGGRESSIVE;
				GCC_WARN_UNUSED_FUNCTION = YES;
				GCC_WARN_UNUSED_VARIABLE = YES;
				IPHONEOS_DEPLOYMENT_TARGET = 11.0;
				MTL_ENABLE_DEBUG_INFO = NO;
				SDKROOT = iphoneos;
				SWIFT_OPTIMIZATION_LEVEL = "-Owholemodule";
				SWIFT_VERSION = 3.0;
				VALIDATE_PRODUCT = YES;
			};
			name = Release;
		};
		3A34B4841FCD632E007A4CC6 /* Debug */ = {
			isa = XCBuildConfiguration;
			baseConfigurationReference = 31D5CF9CDE52140BCC14D669 /* Pods-FS.debug.xcconfig */;
			buildSettings = {
				ASSETCATALOG_COMPILER_APPICON_NAME = AppIcon;
				CODE_SIGN_STYLE = Automatic;
				INFOPLIST_FILE = "$(SRCROOT)/FS/Configuration/Info.plist";
				LD_RUNPATH_SEARCH_PATHS = "$(inherited) @executable_path/Frameworks";
				OTHER_SWIFT_FLAGS = "$(inherited) \"-D\" \"COCOAPODS\"";
				PRODUCT_BUNDLE_IDENTIFIER = com.thinhxavi.FS;
				PRODUCT_NAME = "$(TARGET_NAME)";
				SWIFT_OPTIMIZATION_LEVEL = "-Onone";
				SWIFT_VERSION = 3.0;
				TARGETED_DEVICE_FAMILY = "1,2";
			};
			name = Debug;
		};
		3A34B4851FCD632E007A4CC6 /* Release */ = {
			isa = XCBuildConfiguration;
			baseConfigurationReference = 8333D11530D63CCEE689C9B8 /* Pods-FS.release.xcconfig */;
			buildSettings = {
				ASSETCATALOG_COMPILER_APPICON_NAME = AppIcon;
				CODE_SIGN_STYLE = Automatic;
				INFOPLIST_FILE = "$(SRCROOT)/FS/Configuration/Info.plist";
				LD_RUNPATH_SEARCH_PATHS = "$(inherited) @executable_path/Frameworks";
				OTHER_SWIFT_FLAGS = "$(inherited) \"-D\" \"COCOAPODS\"";
				PRODUCT_BUNDLE_IDENTIFIER = com.thinhxavi.FS;
				PRODUCT_NAME = "$(TARGET_NAME)";
				SWIFT_OPTIMIZATION_LEVEL = "-Owholemodule";
				SWIFT_VERSION = 3.0;
				TARGETED_DEVICE_FAMILY = "1,2";
			};
			name = Release;
		};
		99311FF21FD4EF8C00C4F426 /* Debug */ = {
			isa = XCBuildConfiguration;
			baseConfigurationReference = 3DE95C4B5B5D250C09BD7B7F /* Pods-FSTests.debug.xcconfig */;
			buildSettings = {
				BUNDLE_LOADER = "$(TEST_HOST)";
				CODE_SIGN_STYLE = Automatic;
				INFOPLIST_FILE = FSTests/Info.plist;
				IPHONEOS_DEPLOYMENT_TARGET = 11.1;
				LD_RUNPATH_SEARCH_PATHS = "$(inherited) @executable_path/Frameworks @loader_path/Frameworks";
				PRODUCT_BUNDLE_IDENTIFIER = com.suho.demo.FSTests;
				PRODUCT_NAME = "$(TARGET_NAME)";
				SWIFT_VERSION = 3.0;
				TARGETED_DEVICE_FAMILY = "1,2";
				TEST_HOST = "$(BUILT_PRODUCTS_DIR)/FS.app/FS";
			};
			name = Debug;
		};
		99311FF31FD4EF8C00C4F426 /* Release */ = {
			isa = XCBuildConfiguration;
			baseConfigurationReference = 43C70F45CF82EBFACC02B350 /* Pods-FSTests.release.xcconfig */;
			buildSettings = {
				BUNDLE_LOADER = "$(TEST_HOST)";
				CODE_SIGN_STYLE = Automatic;
				INFOPLIST_FILE = FSTests/Info.plist;
				IPHONEOS_DEPLOYMENT_TARGET = 11.1;
				LD_RUNPATH_SEARCH_PATHS = "$(inherited) @executable_path/Frameworks @loader_path/Frameworks";
				PRODUCT_BUNDLE_IDENTIFIER = com.suho.demo.FSTests;
				PRODUCT_NAME = "$(TARGET_NAME)";
				SWIFT_VERSION = 3.0;
				TARGETED_DEVICE_FAMILY = "1,2";
				TEST_HOST = "$(BUILT_PRODUCTS_DIR)/FS.app/FS";
			};
			name = Release;
		};
/* End XCBuildConfiguration section */

/* Begin XCConfigurationList section */
		3A34B46C1FCD632E007A4CC6 /* Build configuration list for PBXProject "FS" */ = {
			isa = XCConfigurationList;
			buildConfigurations = (
				3A34B4811FCD632E007A4CC6 /* Debug */,
				3A34B4821FCD632E007A4CC6 /* Release */,
			);
			defaultConfigurationIsVisible = 0;
			defaultConfigurationName = Release;
		};
		3A34B4831FCD632E007A4CC6 /* Build configuration list for PBXNativeTarget "FS" */ = {
			isa = XCConfigurationList;
			buildConfigurations = (
				3A34B4841FCD632E007A4CC6 /* Debug */,
				3A34B4851FCD632E007A4CC6 /* Release */,
			);
			defaultConfigurationIsVisible = 0;
			defaultConfigurationName = Release;
		};
		99311FF41FD4EF8C00C4F426 /* Build configuration list for PBXNativeTarget "FSTests" */ = {
			isa = XCConfigurationList;
			buildConfigurations = (
				99311FF21FD4EF8C00C4F426 /* Debug */,
				99311FF31FD4EF8C00C4F426 /* Release */,
			);
			defaultConfigurationIsVisible = 0;
			defaultConfigurationName = Release;
		};
/* End XCConfigurationList section */
	};
	rootObject = 3A34B4691FCD632E007A4CC6 /* Project object */;
}
