// !$*UTF8*$!
{
	archiveVersion = 1;
	classes = {
	};
	objectVersion = 48;
	objects = {

/* Begin PBXBuildFile section */
		08704267EBB53661E87A8C65 /* Pods_RxSwiftTutorials.framework in Frameworks */ = {isa = PBXBuildFile; fileRef = 375841F4BCA5663AF299C617 /* Pods_RxSwiftTutorials.framework */; };
		0B1C36B71FCF96A8007E7F6C /* 3.2.3 Filtering.swift in Sources */ = {isa = PBXBuildFile; fileRef = 0B1C36B61FCF96A8007E7F6C /* 3.2.3 Filtering.swift */; };
		0B791FBC1FC67F1B00B559A3 /* 2.3-Operator.swift in Sources */ = {isa = PBXBuildFile; fileRef = 0B791FBB1FC67F1A00B559A3 /* 2.3-Operator.swift */; };
		855CB0221FC47A080063257B /* CombinationCocoa.swift in Sources */ = {isa = PBXBuildFile; fileRef = 855CB0201FC47A080063257B /* CombinationCocoa.swift */; };
		855CB0231FC47A080063257B /* CombinationCocoa.xib in Resources */ = {isa = PBXBuildFile; fileRef = 855CB0211FC47A080063257B /* CombinationCocoa.xib */; };
		857EE1471FC5B06500C9F6E2 /* MenuViewController.swift in Sources */ = {isa = PBXBuildFile; fileRef = 857EE1451FC5B06500C9F6E2 /* MenuViewController.swift */; };
		857EE1481FC5B06500C9F6E2 /* MenuViewController.xib in Resources */ = {isa = PBXBuildFile; fileRef = 857EE1461FC5B06500C9F6E2 /* MenuViewController.xib */; };
		857EE14B1FC5BEDE00C9F6E2 /* DeepDiveViewController.swift in Sources */ = {isa = PBXBuildFile; fileRef = 857EE1491FC5BEDE00C9F6E2 /* DeepDiveViewController.swift */; };
		857EE14C1FC5BEDE00C9F6E2 /* DeepDiveViewController.xib in Resources */ = {isa = PBXBuildFile; fileRef = 857EE14A1FC5BEDE00C9F6E2 /* DeepDiveViewController.xib */; };
		85C133B31FB9F8E200079229 /* 3.2.2-Combination.swift in Sources */ = {isa = PBXBuildFile; fileRef = 85C133B21FB9F8E200079229 /* 3.2.2-Combination.swift */; };
		85CFF98D1FCBCB9D0058FA1A /* 3.2.5-Transformation.swift in Sources */ = {isa = PBXBuildFile; fileRef = 85CFF98C1FCBCB9D0058FA1A /* 3.2.5-Transformation.swift */; };
		990755E31FB9AA4F006FB2C5 /* 2.2-Observer.swift in Sources */ = {isa = PBXBuildFile; fileRef = 990755E21FB9AA4F006FB2C5 /* 2.2-Observer.swift */; };
		C84D027F1FCE48BF007DC5CF /* 3.2.4-Mathematical.swift in Sources */ = {isa = PBXBuildFile; fileRef = C84D027E1FCE48BF007DC5CF /* 3.2.4-Mathematical.swift */; };
		C84D02811FCE555E007DC5CF /* 2.4-Subjects.swift in Sources */ = {isa = PBXBuildFile; fileRef = C84D02801FCE555E007DC5CF /* 2.4-Subjects.swift */; };
		C8F5C30C1FBD6BA800FBCFA6 /* 3.2.6-TimeBased.swift in Sources */ = {isa = PBXBuildFile; fileRef = C8F5C30B1FBD6BA800FBCFA6 /* 3.2.6-TimeBased.swift */; };
		EA41626B1FAAD5F000DF29FF /* 1.1-Delegation.swift in Sources */ = {isa = PBXBuildFile; fileRef = EA4162641FAAD5E300DF29FF /* 1.1-Delegation.swift */; };
		EA41626C1FAAD5F000DF29FF /* 1.2-Callback.swift in Sources */ = {isa = PBXBuildFile; fileRef = EA4162651FAAD5E300DF29FF /* 1.2-Callback.swift */; };
		EA41626D1FAAD5F000DF29FF /* 1.3-Functional.swift in Sources */ = {isa = PBXBuildFile; fileRef = EA4162661FAAD5E300DF29FF /* 1.3-Functional.swift */; };
		EA41626E1FAAD5F000DF29FF /* 1.4-Promise.swift in Sources */ = {isa = PBXBuildFile; fileRef = EA4162671FAAD5E300DF29FF /* 1.4-Promise.swift */; };
		EA41626F1FAAD5F300DF29FF /* 2.1-Observable.swift in Sources */ = {isa = PBXBuildFile; fileRef = EA41626A1FAAD5E300DF29FF /* 2.1-Observable.swift */; };
		EA4162731FAAD77B00DF29FF /* 4.1-RxTest.swift in Sources */ = {isa = PBXBuildFile; fileRef = EA4162721FAAD77B00DF29FF /* 4.1-RxTest.swift */; };
		EA4162751FAAD78C00DF29FF /* 4.2-RxNimble.swift in Sources */ = {isa = PBXBuildFile; fileRef = EA4162741FAAD78C00DF29FF /* 4.2-RxNimble.swift */; };
		EA41627B1FAAD80D00DF29FF /* 3.1-Creation.swift in Sources */ = {isa = PBXBuildFile; fileRef = EA4162791FAAD80A00DF29FF /* 3.1-Creation.swift */; };
		EA41627C1FAAD80F00DF29FF /* 3.2-Operators.swift in Sources */ = {isa = PBXBuildFile; fileRef = EA41627A1FAAD80A00DF29FF /* 3.2-Operators.swift */; };
		EA41627E1FAAD88500DF29FF /* 1.5-Reactive.swift in Sources */ = {isa = PBXBuildFile; fileRef = EA41627D1FAAD88500DF29FF /* 1.5-Reactive.swift */; };
		EADE84981FA95D9E001DD029 /* AppDelegate.swift in Sources */ = {isa = PBXBuildFile; fileRef = EA6E92E21FA8E5F70042EBF8 /* AppDelegate.swift */; };
		EADE849A1FA95DA4001DD029 /* Assets.xcassets in Resources */ = {isa = PBXBuildFile; fileRef = EA6E92E31FA8E5F70042EBF8 /* Assets.xcassets */; };
/* End PBXBuildFile section */

/* Begin PBXFileReference section */
		0B1C36B61FCF96A8007E7F6C /* 3.2.3 Filtering.swift */ = {isa = PBXFileReference; fileEncoding = 4; lastKnownFileType = sourcecode.swift; path = "3.2.3 Filtering.swift"; sourceTree = "<group>"; };
		0B791FBB1FC67F1A00B559A3 /* 2.3-Operator.swift */ = {isa = PBXFileReference; fileEncoding = 4; lastKnownFileType = sourcecode.swift; path = "2.3-Operator.swift"; sourceTree = "<group>"; };
		291D3F0777DE23565023DF3B /* Pods-RxSwiftTutorials.release.xcconfig */ = {isa = PBXFileReference; includeInIndex = 1; lastKnownFileType = text.xcconfig; name = "Pods-RxSwiftTutorials.release.xcconfig"; path = "Pods/Target Support Files/Pods-RxSwiftTutorials/Pods-RxSwiftTutorials.release.xcconfig"; sourceTree = "<group>"; };
		375841F4BCA5663AF299C617 /* Pods_RxSwiftTutorials.framework */ = {isa = PBXFileReference; explicitFileType = wrapper.framework; includeInIndex = 0; path = Pods_RxSwiftTutorials.framework; sourceTree = BUILT_PRODUCTS_DIR; };
		855CB0201FC47A080063257B /* CombinationCocoa.swift */ = {isa = PBXFileReference; lastKnownFileType = sourcecode.swift; path = CombinationCocoa.swift; sourceTree = "<group>"; };
		855CB0211FC47A080063257B /* CombinationCocoa.xib */ = {isa = PBXFileReference; lastKnownFileType = file.xib; path = CombinationCocoa.xib; sourceTree = "<group>"; };
		857EE1451FC5B06500C9F6E2 /* MenuViewController.swift */ = {isa = PBXFileReference; lastKnownFileType = sourcecode.swift; path = MenuViewController.swift; sourceTree = "<group>"; };
		857EE1461FC5B06500C9F6E2 /* MenuViewController.xib */ = {isa = PBXFileReference; lastKnownFileType = file.xib; path = MenuViewController.xib; sourceTree = "<group>"; };
		857EE1491FC5BEDE00C9F6E2 /* DeepDiveViewController.swift */ = {isa = PBXFileReference; lastKnownFileType = sourcecode.swift; path = DeepDiveViewController.swift; sourceTree = "<group>"; };
		857EE14A1FC5BEDE00C9F6E2 /* DeepDiveViewController.xib */ = {isa = PBXFileReference; lastKnownFileType = file.xib; path = DeepDiveViewController.xib; sourceTree = "<group>"; };
		85C133B21FB9F8E200079229 /* 3.2.2-Combination.swift */ = {isa = PBXFileReference; lastKnownFileType = sourcecode.swift; path = "3.2.2-Combination.swift"; sourceTree = "<group>"; };
		85CFF98C1FCBCB9D0058FA1A /* 3.2.5-Transformation.swift */ = {isa = PBXFileReference; lastKnownFileType = sourcecode.swift; path = "3.2.5-Transformation.swift"; sourceTree = "<group>"; };
		990755E21FB9AA4F006FB2C5 /* 2.2-Observer.swift */ = {isa = PBXFileReference; lastKnownFileType = sourcecode.swift; path = "2.2-Observer.swift"; sourceTree = "<group>"; };
		C84D027E1FCE48BF007DC5CF /* 3.2.4-Mathematical.swift */ = {isa = PBXFileReference; lastKnownFileType = sourcecode.swift; path = "3.2.4-Mathematical.swift"; sourceTree = "<group>"; };
		C84D02801FCE555E007DC5CF /* 2.4-Subjects.swift */ = {isa = PBXFileReference; lastKnownFileType = sourcecode.swift; path = "2.4-Subjects.swift"; sourceTree = "<group>"; };
		C8F5C30B1FBD6BA800FBCFA6 /* 3.2.6-TimeBased.swift */ = {isa = PBXFileReference; fileEncoding = 4; lastKnownFileType = sourcecode.swift; path = "3.2.6-TimeBased.swift"; sourceTree = "<group>"; };
		D9A80A06A4E3B3248AF3DCEC /* Pods-RxSwiftTutorials.debug.xcconfig */ = {isa = PBXFileReference; includeInIndex = 1; lastKnownFileType = text.xcconfig; name = "Pods-RxSwiftTutorials.debug.xcconfig"; path = "Pods/Target Support Files/Pods-RxSwiftTutorials/Pods-RxSwiftTutorials.debug.xcconfig"; sourceTree = "<group>"; };
		EA4162641FAAD5E300DF29FF /* 1.1-Delegation.swift */ = {isa = PBXFileReference; lastKnownFileType = sourcecode.swift; path = "1.1-Delegation.swift"; sourceTree = "<group>"; };
		EA4162651FAAD5E300DF29FF /* 1.2-Callback.swift */ = {isa = PBXFileReference; lastKnownFileType = sourcecode.swift; path = "1.2-Callback.swift"; sourceTree = "<group>"; };
		EA4162661FAAD5E300DF29FF /* 1.3-Functional.swift */ = {isa = PBXFileReference; lastKnownFileType = sourcecode.swift; path = "1.3-Functional.swift"; sourceTree = "<group>"; };
		EA4162671FAAD5E300DF29FF /* 1.4-Promise.swift */ = {isa = PBXFileReference; lastKnownFileType = sourcecode.swift; path = "1.4-Promise.swift"; sourceTree = "<group>"; };
		EA41626A1FAAD5E300DF29FF /* 2.1-Observable.swift */ = {isa = PBXFileReference; lastKnownFileType = sourcecode.swift; path = "2.1-Observable.swift"; sourceTree = "<group>"; };
		EA4162721FAAD77B00DF29FF /* 4.1-RxTest.swift */ = {isa = PBXFileReference; lastKnownFileType = sourcecode.swift; path = "4.1-RxTest.swift"; sourceTree = "<group>"; };
		EA4162741FAAD78C00DF29FF /* 4.2-RxNimble.swift */ = {isa = PBXFileReference; lastKnownFileType = sourcecode.swift; path = "4.2-RxNimble.swift"; sourceTree = "<group>"; };
		EA4162791FAAD80A00DF29FF /* 3.1-Creation.swift */ = {isa = PBXFileReference; lastKnownFileType = sourcecode.swift; path = "3.1-Creation.swift"; sourceTree = "<group>"; };
		EA41627A1FAAD80A00DF29FF /* 3.2-Operators.swift */ = {isa = PBXFileReference; lastKnownFileType = sourcecode.swift; path = "3.2-Operators.swift"; sourceTree = "<group>"; };
		EA41627D1FAAD88500DF29FF /* 1.5-Reactive.swift */ = {isa = PBXFileReference; lastKnownFileType = sourcecode.swift; path = "1.5-Reactive.swift"; sourceTree = "<group>"; };
		EA6E92E21FA8E5F70042EBF8 /* AppDelegate.swift */ = {isa = PBXFileReference; lastKnownFileType = sourcecode.swift; path = AppDelegate.swift; sourceTree = "<group>"; };
		EA6E92E31FA8E5F70042EBF8 /* Assets.xcassets */ = {isa = PBXFileReference; lastKnownFileType = folder.assetcatalog; path = Assets.xcassets; sourceTree = "<group>"; };
		EA6E92E81FA8E5F70042EBF8 /* Info.plist */ = {isa = PBXFileReference; lastKnownFileType = text.plist.xml; path = Info.plist; sourceTree = "<group>"; };
		EA7BE2FC1F78EB72008A494A /* RxSwiftTutorials.app */ = {isa = PBXFileReference; explicitFileType = wrapper.application; includeInIndex = 0; path = RxSwiftTutorials.app; sourceTree = BUILT_PRODUCTS_DIR; };
/* End PBXFileReference section */

/* Begin PBXFrameworksBuildPhase section */
		EA7BE2F91F78EB72008A494A /* Frameworks */ = {
			isa = PBXFrameworksBuildPhase;
			buildActionMask = 2147483647;
			files = (
				08704267EBB53661E87A8C65 /* Pods_RxSwiftTutorials.framework in Frameworks */,
			);
			runOnlyForDeploymentPostprocessing = 0;
		};
/* End PBXFrameworksBuildPhase section */

/* Begin PBXGroup section */
		855CB01F1FC479CA0063257B /* 3.2.2 */ = {
			isa = PBXGroup;
			children = (
				855CB0201FC47A080063257B /* CombinationCocoa.swift */,
				855CB0211FC47A080063257B /* CombinationCocoa.xib */,
			);
			path = 3.2.2;
			sourceTree = "<group>";
		};
		B703A0DC336F65E0F9AE3BAA /* Frameworks */ = {
			isa = PBXGroup;
			children = (
				375841F4BCA5663AF299C617 /* Pods_RxSwiftTutorials.framework */,
			);
			name = Frameworks;
			sourceTree = "<group>";
		};
		CB19F03E0228F39C2B8507C5 /* Pods */ = {
			isa = PBXGroup;
			children = (
				D9A80A06A4E3B3248AF3DCEC /* Pods-RxSwiftTutorials.debug.xcconfig */,
				291D3F0777DE23565023DF3B /* Pods-RxSwiftTutorials.release.xcconfig */,
			);
			name = Pods;
			sourceTree = "<group>";
		};
		EA4162631FAAD5E300DF29FF /* 1-Approach */ = {
			isa = PBXGroup;
			children = (
				EA4162641FAAD5E300DF29FF /* 1.1-Delegation.swift */,
				EA4162651FAAD5E300DF29FF /* 1.2-Callback.swift */,
				EA4162661FAAD5E300DF29FF /* 1.3-Functional.swift */,
				EA4162671FAAD5E300DF29FF /* 1.4-Promise.swift */,
				EA41627D1FAAD88500DF29FF /* 1.5-Reactive.swift */,
			);
			path = "1-Approach";
			sourceTree = "<group>";
		};
		EA4162681FAAD5E300DF29FF /* 4-Testing */ = {
			isa = PBXGroup;
			children = (
				EA4162721FAAD77B00DF29FF /* 4.1-RxTest.swift */,
				EA4162741FAAD78C00DF29FF /* 4.2-RxNimble.swift */,
			);
			path = "4-Testing";
			sourceTree = "<group>";
		};
		EA4162691FAAD5E300DF29FF /* 2-GettingStarted */ = {
			isa = PBXGroup;
			children = (
				EA41626A1FAAD5E300DF29FF /* 2.1-Observable.swift */,
				990755E21FB9AA4F006FB2C5 /* 2.2-Observer.swift */,
				0B791FBB1FC67F1A00B559A3 /* 2.3-Operator.swift */,
				C84D02801FCE555E007DC5CF /* 2.4-Subjects.swift */,
			);
			path = "2-GettingStarted";
			sourceTree = "<group>";
		};
		EA4162781FAAD80A00DF29FF /* 3-DeepDiving */ = {
			isa = PBXGroup;
			children = (
				0B1C36B61FCF96A8007E7F6C /* 3.2.3 Filtering.swift */,
				EA4162791FAAD80A00DF29FF /* 3.1-Creation.swift */,
				EA41627A1FAAD80A00DF29FF /* 3.2-Operators.swift */,
				855CB01F1FC479CA0063257B /* 3.2.2 */,
				85C133B21FB9F8E200079229 /* 3.2.2-Combination.swift */,
				C84D027E1FCE48BF007DC5CF /* 3.2.4-Mathematical.swift */,
				85CFF98C1FCBCB9D0058FA1A /* 3.2.5-Transformation.swift */,
				C8F5C30B1FBD6BA800FBCFA6 /* 3.2.6-TimeBased.swift */,
				857EE1491FC5BEDE00C9F6E2 /* DeepDiveViewController.swift */,
				857EE14A1FC5BEDE00C9F6E2 /* DeepDiveViewController.xib */,
			);
			path = "3-DeepDiving";
			sourceTree = "<group>";
		};
		EA6E92E11FA8E5F70042EBF8 /* 0-Launcher */ = {
			isa = PBXGroup;
			children = (
				EA6E92E21FA8E5F70042EBF8 /* AppDelegate.swift */,
				EA6E92E31FA8E5F70042EBF8 /* Assets.xcassets */,
				EA6E92E81FA8E5F70042EBF8 /* Info.plist */,
				857EE1451FC5B06500C9F6E2 /* MenuViewController.swift */,
				857EE1461FC5B06500C9F6E2 /* MenuViewController.xib */,
			);
			path = "0-Launcher";
			sourceTree = "<group>";
		};
		EA7BE2F31F78EB72008A494A = {
			isa = PBXGroup;
			children = (
				EA7BE2FE1F78EB72008A494A /* RxSwiftTutorials */,
				EA7BE2FD1F78EB72008A494A /* Products */,
				CB19F03E0228F39C2B8507C5 /* Pods */,
				B703A0DC336F65E0F9AE3BAA /* Frameworks */,
			);
			sourceTree = "<group>";
		};
		EA7BE2FD1F78EB72008A494A /* Products */ = {
			isa = PBXGroup;
			children = (
				EA7BE2FC1F78EB72008A494A /* RxSwiftTutorials.app */,
			);
			name = Products;
			sourceTree = "<group>";
		};
		EA7BE2FE1F78EB72008A494A /* RxSwiftTutorials */ = {
			isa = PBXGroup;
			children = (
				EA4162631FAAD5E300DF29FF /* 1-Approach */,
				EA4162691FAAD5E300DF29FF /* 2-GettingStarted */,
				EA4162781FAAD80A00DF29FF /* 3-DeepDiving */,
				EA4162681FAAD5E300DF29FF /* 4-Testing */,
				EA6E92E11FA8E5F70042EBF8 /* 0-Launcher */,
			);
			path = RxSwiftTutorials;
			sourceTree = "<group>";
		};
/* End PBXGroup section */

/* Begin PBXNativeTarget section */
		EA7BE2FB1F78EB72008A494A /* RxSwiftTutorials */ = {
			isa = PBXNativeTarget;
			buildConfigurationList = EA7BE30E1F78EB72008A494A /* Build configuration list for PBXNativeTarget "RxSwiftTutorials" */;
			buildPhases = (
				52A751FDA454DAB8761D85B7 /* [CP] Check Pods Manifest.lock */,
				EA7BE2F81F78EB72008A494A /* Sources */,
				EA7BE2F91F78EB72008A494A /* Frameworks */,
				EA7BE2FA1F78EB72008A494A /* Resources */,
				FA2983A66741F2DC0307E568 /* [CP] Embed Pods Frameworks */,
				64B4284FC9C5DD964A9810ED /* [CP] Copy Pods Resources */,
			);
			buildRules = (
			);
			dependencies = (
			);
			name = RxSwiftTutorials;
			productName = RxSwiftTutorials;
			productReference = EA7BE2FC1F78EB72008A494A /* RxSwiftTutorials.app */;
			productType = "com.apple.product-type.application";
		};
/* End PBXNativeTarget section */

/* Begin PBXProject section */
		EA7BE2F41F78EB72008A494A /* Project object */ = {
			isa = PBXProject;
			attributes = {
				LastSwiftUpdateCheck = 0900;
				LastUpgradeCheck = 0900;
				ORGANIZATIONNAME = "Asian Tech Inc";
				TargetAttributes = {
					EA7BE2FB1F78EB72008A494A = {
						CreatedOnToolsVersion = 9.0;
						ProvisioningStyle = Automatic;
					};
				};
			};
			buildConfigurationList = EA7BE2F71F78EB72008A494A /* Build configuration list for PBXProject "RxSwiftTutorials" */;
			compatibilityVersion = "Xcode 8.0";
			developmentRegion = en;
			hasScannedForEncodings = 0;
			knownRegions = (
				en,
				Base,
			);
			mainGroup = EA7BE2F31F78EB72008A494A;
			productRefGroup = EA7BE2FD1F78EB72008A494A /* Products */;
			projectDirPath = "";
			projectRoot = "";
			targets = (
				EA7BE2FB1F78EB72008A494A /* RxSwiftTutorials */,
			);
		};
/* End PBXProject section */

/* Begin PBXResourcesBuildPhase section */
		EA7BE2FA1F78EB72008A494A /* Resources */ = {
			isa = PBXResourcesBuildPhase;
			buildActionMask = 2147483647;
			files = (
				857EE14C1FC5BEDE00C9F6E2 /* DeepDiveViewController.xib in Resources */,
				EADE849A1FA95DA4001DD029 /* Assets.xcassets in Resources */,
				857EE1481FC5B06500C9F6E2 /* MenuViewController.xib in Resources */,
				855CB0231FC47A080063257B /* CombinationCocoa.xib in Resources */,
			);
			runOnlyForDeploymentPostprocessing = 0;
		};
/* End PBXResourcesBuildPhase section */

/* Begin PBXShellScriptBuildPhase section */
		52A751FDA454DAB8761D85B7 /* [CP] Check Pods Manifest.lock */ = {
			isa = PBXShellScriptBuildPhase;
			buildActionMask = 2147483647;
			files = (
			);
			inputPaths = (
				"${PODS_PODFILE_DIR_PATH}/Podfile.lock",
				"${PODS_ROOT}/Manifest.lock",
			);
			name = "[CP] Check Pods Manifest.lock";
			outputPaths = (
				"$(DERIVED_FILE_DIR)/Pods-RxSwiftTutorials-checkManifestLockResult.txt",
			);
			runOnlyForDeploymentPostprocessing = 0;
			shellPath = /bin/sh;
			shellScript = "diff \"${PODS_PODFILE_DIR_PATH}/Podfile.lock\" \"${PODS_ROOT}/Manifest.lock\" > /dev/null\nif [ $? != 0 ] ; then\n    # print error to STDERR\n    echo \"error: The sandbox is not in sync with the Podfile.lock. Run 'pod install' or update your CocoaPods installation.\" >&2\n    exit 1\nfi\n# This output is used by Xcode 'outputs' to avoid re-running this script phase.\necho \"SUCCESS\" > \"${SCRIPT_OUTPUT_FILE_0}\"\n";
			showEnvVarsInLog = 0;
		};
		64B4284FC9C5DD964A9810ED /* [CP] Copy Pods Resources */ = {
			isa = PBXShellScriptBuildPhase;
			buildActionMask = 2147483647;
			files = (
			);
			inputPaths = (
			);
			name = "[CP] Copy Pods Resources";
			outputPaths = (
			);
			runOnlyForDeploymentPostprocessing = 0;
			shellPath = /bin/sh;
			shellScript = "\"${SRCROOT}/Pods/Target Support Files/Pods-RxSwiftTutorials/Pods-RxSwiftTutorials-resources.sh\"\n";
			showEnvVarsInLog = 0;
		};
		FA2983A66741F2DC0307E568 /* [CP] Embed Pods Frameworks */ = {
			isa = PBXShellScriptBuildPhase;
			buildActionMask = 2147483647;
			files = (
			);
			inputPaths = (
				"${SRCROOT}/Pods/Target Support Files/Pods-RxSwiftTutorials/Pods-RxSwiftTutorials-frameworks.sh",
				"${BUILT_PRODUCTS_DIR}/PromiseKit/PromiseKit.framework",
				"${BUILT_PRODUCTS_DIR}/RxCocoa/RxCocoa.framework",
				"${BUILT_PRODUCTS_DIR}/RxSwift/RxSwift.framework",
				"${BUILT_PRODUCTS_DIR}/RxTest/RxTest.framework",
			);
			name = "[CP] Embed Pods Frameworks";
			outputPaths = (
				"${TARGET_BUILD_DIR}/${FRAMEWORKS_FOLDER_PATH}/PromiseKit.framework",
				"${TARGET_BUILD_DIR}/${FRAMEWORKS_FOLDER_PATH}/RxCocoa.framework",
				"${TARGET_BUILD_DIR}/${FRAMEWORKS_FOLDER_PATH}/RxSwift.framework",
				"${TARGET_BUILD_DIR}/${FRAMEWORKS_FOLDER_PATH}/RxTest.framework",
			);
			runOnlyForDeploymentPostprocessing = 0;
			shellPath = /bin/sh;
			shellScript = "\"${SRCROOT}/Pods/Target Support Files/Pods-RxSwiftTutorials/Pods-RxSwiftTutorials-frameworks.sh\"\n";
			showEnvVarsInLog = 0;
		};
/* End PBXShellScriptBuildPhase section */

/* Begin PBXSourcesBuildPhase section */
		EA7BE2F81F78EB72008A494A /* Sources */ = {
			isa = PBXSourcesBuildPhase;
			buildActionMask = 2147483647;
			files = (
				0B1C36B71FCF96A8007E7F6C /* 3.2.3 Filtering.swift in Sources */,
				EA41627C1FAAD80F00DF29FF /* 3.2-Operators.swift in Sources */,
				EA41627E1FAAD88500DF29FF /* 1.5-Reactive.swift in Sources */,
				EA41626F1FAAD5F300DF29FF /* 2.1-Observable.swift in Sources */,
				857EE14B1FC5BEDE00C9F6E2 /* DeepDiveViewController.swift in Sources */,
				C84D027F1FCE48BF007DC5CF /* 3.2.4-Mathematical.swift in Sources */,
				857EE1471FC5B06500C9F6E2 /* MenuViewController.swift in Sources */,
				EA4162731FAAD77B00DF29FF /* 4.1-RxTest.swift in Sources */,
				EA41626C1FAAD5F000DF29FF /* 1.2-Callback.swift in Sources */,
				EA41627B1FAAD80D00DF29FF /* 3.1-Creation.swift in Sources */,
				0B791FBC1FC67F1B00B559A3 /* 2.3-Operator.swift in Sources */,
				EA4162751FAAD78C00DF29FF /* 4.2-RxNimble.swift in Sources */,
				85C133B31FB9F8E200079229 /* 3.2.2-Combination.swift in Sources */,
				85CFF98D1FCBCB9D0058FA1A /* 3.2.5-Transformation.swift in Sources */,
				EA41626B1FAAD5F000DF29FF /* 1.1-Delegation.swift in Sources */,
				990755E31FB9AA4F006FB2C5 /* 2.2-Observer.swift in Sources */,
				EADE84981FA95D9E001DD029 /* AppDelegate.swift in Sources */,
				EA41626D1FAAD5F000DF29FF /* 1.3-Functional.swift in Sources */,
				EA41626E1FAAD5F000DF29FF /* 1.4-Promise.swift in Sources */,
				C84D02811FCE555E007DC5CF /* 2.4-Subjects.swift in Sources */,
				C8F5C30C1FBD6BA800FBCFA6 /* 3.2.6-TimeBased.swift in Sources */,
				855CB0221FC47A080063257B /* CombinationCocoa.swift in Sources */,
			);
			runOnlyForDeploymentPostprocessing = 0;
		};
/* End PBXSourcesBuildPhase section */

/* Begin XCBuildConfiguration section */
		EA7BE30C1F78EB72008A494A /* Debug */ = {
			isa = XCBuildConfiguration;
			buildSettings = {
				ALWAYS_SEARCH_USER_PATHS = NO;
				CLANG_ANALYZER_NONNULL = YES;
				CLANG_ANALYZER_NUMBER_OBJECT_CONVERSION = YES_AGGRESSIVE;
				CLANG_CXX_LANGUAGE_STANDARD = "gnu++14";
				CLANG_CXX_LIBRARY = "libc++";
				CLANG_ENABLE_MODULES = YES;
				CLANG_ENABLE_OBJC_ARC = YES;
				CLANG_WARN_BLOCK_CAPTURE_AUTORELEASING = YES;
				CLANG_WARN_BOOL_CONVERSION = YES;
				CLANG_WARN_COMMA = YES;
				CLANG_WARN_CONSTANT_CONVERSION = YES;
				CLANG_WARN_DIRECT_OBJC_ISA_USAGE = YES_ERROR;
				CLANG_WARN_DOCUMENTATION_COMMENTS = YES;
				CLANG_WARN_EMPTY_BODY = YES;
				CLANG_WARN_ENUM_CONVERSION = YES;
				CLANG_WARN_INFINITE_RECURSION = YES;
				CLANG_WARN_INT_CONVERSION = YES;
				CLANG_WARN_NON_LITERAL_NULL_CONVERSION = YES;
				CLANG_WARN_OBJC_LITERAL_CONVERSION = YES;
				CLANG_WARN_OBJC_ROOT_CLASS = YES_ERROR;
				CLANG_WARN_RANGE_LOOP_ANALYSIS = YES;
				CLANG_WARN_STRICT_PROTOTYPES = YES;
				CLANG_WARN_SUSPICIOUS_MOVE = YES;
				CLANG_WARN_UNGUARDED_AVAILABILITY = YES_AGGRESSIVE;
				CLANG_WARN_UNREACHABLE_CODE = YES;
				CLANG_WARN__DUPLICATE_METHOD_MATCH = YES;
				CODE_SIGN_IDENTITY = "iPhone Developer";
				COPY_PHASE_STRIP = NO;
				DEBUG_INFORMATION_FORMAT = dwarf;
				ENABLE_STRICT_OBJC_MSGSEND = YES;
				ENABLE_TESTABILITY = YES;
				GCC_C_LANGUAGE_STANDARD = gnu11;
				GCC_DYNAMIC_NO_PIC = NO;
				GCC_NO_COMMON_BLOCKS = YES;
				GCC_OPTIMIZATION_LEVEL = 0;
				GCC_PREPROCESSOR_DEFINITIONS = (
					"DEBUG=1",
					"$(inherited)",
				);
				GCC_WARN_64_TO_32_BIT_CONVERSION = YES;
				GCC_WARN_ABOUT_RETURN_TYPE = YES_ERROR;
				GCC_WARN_UNDECLARED_SELECTOR = YES;
				GCC_WARN_UNINITIALIZED_AUTOS = YES_AGGRESSIVE;
				GCC_WARN_UNUSED_FUNCTION = YES;
				GCC_WARN_UNUSED_VARIABLE = YES;
				IPHONEOS_DEPLOYMENT_TARGET = 11.0;
				MTL_ENABLE_DEBUG_INFO = YES;
				ONLY_ACTIVE_ARCH = YES;
				SDKROOT = iphoneos;
				SWIFT_ACTIVE_COMPILATION_CONDITIONS = DEBUG;
				SWIFT_OPTIMIZATION_LEVEL = "-Onone";
				SWIFT_VERSION = 3.0;
			};
			name = Debug;
		};
		EA7BE30D1F78EB72008A494A /* Release */ = {
			isa = XCBuildConfiguration;
			buildSettings = {
				ALWAYS_SEARCH_USER_PATHS = NO;
				CLANG_ANALYZER_NONNULL = YES;
				CLANG_ANALYZER_NUMBER_OBJECT_CONVERSION = YES_AGGRESSIVE;
				CLANG_CXX_LANGUAGE_STANDARD = "gnu++14";
				CLANG_CXX_LIBRARY = "libc++";
				CLANG_ENABLE_MODULES = YES;
				CLANG_ENABLE_OBJC_ARC = YES;
				CLANG_WARN_BLOCK_CAPTURE_AUTORELEASING = YES;
				CLANG_WARN_BOOL_CONVERSION = YES;
				CLANG_WARN_COMMA = YES;
				CLANG_WARN_CONSTANT_CONVERSION = YES;
				CLANG_WARN_DIRECT_OBJC_ISA_USAGE = YES_ERROR;
				CLANG_WARN_DOCUMENTATION_COMMENTS = YES;
				CLANG_WARN_EMPTY_BODY = YES;
				CLANG_WARN_ENUM_CONVERSION = YES;
				CLANG_WARN_INFINITE_RECURSION = YES;
				CLANG_WARN_INT_CONVERSION = YES;
				CLANG_WARN_NON_LITERAL_NULL_CONVERSION = YES;
				CLANG_WARN_OBJC_LITERAL_CONVERSION = YES;
				CLANG_WARN_OBJC_ROOT_CLASS = YES_ERROR;
				CLANG_WARN_RANGE_LOOP_ANALYSIS = YES;
				CLANG_WARN_STRICT_PROTOTYPES = YES;
				CLANG_WARN_SUSPICIOUS_MOVE = YES;
				CLANG_WARN_UNGUARDED_AVAILABILITY = YES_AGGRESSIVE;
				CLANG_WARN_UNREACHABLE_CODE = YES;
				CLANG_WARN__DUPLICATE_METHOD_MATCH = YES;
				CODE_SIGN_IDENTITY = "iPhone Developer";
				COPY_PHASE_STRIP = NO;
				DEBUG_INFORMATION_FORMAT = "dwarf-with-dsym";
				ENABLE_NS_ASSERTIONS = NO;
				ENABLE_STRICT_OBJC_MSGSEND = YES;
				GCC_C_LANGUAGE_STANDARD = gnu11;
				GCC_NO_COMMON_BLOCKS = YES;
				GCC_WARN_64_TO_32_BIT_CONVERSION = YES;
				GCC_WARN_ABOUT_RETURN_TYPE = YES_ERROR;
				GCC_WARN_UNDECLARED_SELECTOR = YES;
				GCC_WARN_UNINITIALIZED_AUTOS = YES_AGGRESSIVE;
				GCC_WARN_UNUSED_FUNCTION = YES;
				GCC_WARN_UNUSED_VARIABLE = YES;
				IPHONEOS_DEPLOYMENT_TARGET = 11.0;
				MTL_ENABLE_DEBUG_INFO = NO;
				SDKROOT = iphoneos;
				SWIFT_OPTIMIZATION_LEVEL = "-Owholemodule";
				SWIFT_VERSION = 3.0;
				VALIDATE_PRODUCT = YES;
			};
			name = Release;
		};
		EA7BE30F1F78EB72008A494A /* Debug */ = {
			isa = XCBuildConfiguration;
			baseConfigurationReference = D9A80A06A4E3B3248AF3DCEC /* Pods-RxSwiftTutorials.debug.xcconfig */;
			buildSettings = {
				ASSETCATALOG_COMPILER_APPICON_NAME = AppIcon;
				CODE_SIGN_STYLE = Automatic;
				DEVELOPMENT_TEAM = "";
				INFOPLIST_FILE = "$(SRCROOT)/RxSwiftTutorials/0-Launcher/Info.plist";
				LD_RUNPATH_SEARCH_PATHS = "$(inherited) @executable_path/Frameworks";
				PRODUCT_BUNDLE_IDENTIFIER = "github.blkbrds.rxswift-tutorials";
				PRODUCT_NAME = "$(TARGET_NAME)";
				SWIFT_VERSION = 3.0;
				TARGETED_DEVICE_FAMILY = 1;
			};
			name = Debug;
		};
		EA7BE3101F78EB72008A494A /* Release */ = {
			isa = XCBuildConfiguration;
			baseConfigurationReference = 291D3F0777DE23565023DF3B /* Pods-RxSwiftTutorials.release.xcconfig */;
			buildSettings = {
				ASSETCATALOG_COMPILER_APPICON_NAME = AppIcon;
				CODE_SIGN_STYLE = Automatic;
				DEVELOPMENT_TEAM = "";
				INFOPLIST_FILE = "$(SRCROOT)/RxSwiftTutorials/0-Launcher/Info.plist";
				LD_RUNPATH_SEARCH_PATHS = "$(inherited) @executable_path/Frameworks";
				PRODUCT_BUNDLE_IDENTIFIER = "github.blkbrds.rxswift-tutorials";
				PRODUCT_NAME = "$(TARGET_NAME)";
				SWIFT_VERSION = 3.0;
				TARGETED_DEVICE_FAMILY = 1;
			};
			name = Release;
		};
/* End XCBuildConfiguration section */

/* Begin XCConfigurationList section */
		EA7BE2F71F78EB72008A494A /* Build configuration list for PBXProject "RxSwiftTutorials" */ = {
			isa = XCConfigurationList;
			buildConfigurations = (
				EA7BE30C1F78EB72008A494A /* Debug */,
				EA7BE30D1F78EB72008A494A /* Release */,
			);
			defaultConfigurationIsVisible = 0;
			defaultConfigurationName = Release;
		};
		EA7BE30E1F78EB72008A494A /* Build configuration list for PBXNativeTarget "RxSwiftTutorials" */ = {
			isa = XCConfigurationList;
			buildConfigurations = (
				EA7BE30F1F78EB72008A494A /* Debug */,
				EA7BE3101F78EB72008A494A /* Release */,
			);
			defaultConfigurationIsVisible = 0;
			defaultConfigurationName = Release;
		};
/* End XCConfigurationList section */
	};
	rootObject = EA7BE2F41F78EB72008A494A /* Project object */;
}
