// !$*UTF8*$!
{
	archiveVersion = 1;
	classes = {
	};
	objectVersion = 48;
	objects = {

/* Begin PBXBuildFile section */
		08704267EBB53661E87A8C65 /* Pods_RxSwiftTutorials.framework in Frameworks */ = {isa = PBXBuildFile; fileRef = 375841F4BCA5663AF299C617 /* Pods_RxSwiftTutorials.framework */; };
		EA7BE3001F78EB72008A494A /* AppDelegate.swift in Sources */ = {isa = PBXBuildFile; fileRef = EA7BE2FF1F78EB72008A494A /* AppDelegate.swift */; };
		EA7BE3021F78EB72008A494A /* ViewController.swift in Sources */ = {isa = PBXBuildFile; fileRef = EA7BE3011F78EB72008A494A /* ViewController.swift */; };
		EA7BE3051F78EB72008A494A /* Main.storyboard in Resources */ = {isa = PBXBuildFile; fileRef = EA7BE3031F78EB72008A494A /* Main.storyboard */; };
		EA7BE3071F78EB72008A494A /* Assets.xcassets in Resources */ = {isa = PBXBuildFile; fileRef = EA7BE3061F78EB72008A494A /* Assets.xcassets */; };
		EA7BE30A1F78EB72008A494A /* LaunchScreen.storyboard in Resources */ = {isa = PBXBuildFile; fileRef = EA7BE3081F78EB72008A494A /* LaunchScreen.storyboard */; };
/* End PBXBuildFile section */

/* Begin PBXFileReference section */
		291D3F0777DE23565023DF3B /* Pods-RxSwiftTutorials.release.xcconfig */ = {isa = PBXFileReference; includeInIndex = 1; lastKnownFileType = text.xcconfig; name = "Pods-RxSwiftTutorials.release.xcconfig"; path = "Pods/Target Support Files/Pods-RxSwiftTutorials/Pods-RxSwiftTutorials.release.xcconfig"; sourceTree = "<group>"; };
		375841F4BCA5663AF299C617 /* Pods_RxSwiftTutorials.framework */ = {isa = PBXFileReference; explicitFileType = wrapper.framework; includeInIndex = 0; path = Pods_RxSwiftTutorials.framework; sourceTree = BUILT_PRODUCTS_DIR; };
		D9A80A06A4E3B3248AF3DCEC /* Pods-RxSwiftTutorials.debug.xcconfig */ = {isa = PBXFileReference; includeInIndex = 1; lastKnownFileType = text.xcconfig; name = "Pods-RxSwiftTutorials.debug.xcconfig"; path = "Pods/Target Support Files/Pods-RxSwiftTutorials/Pods-RxSwiftTutorials.debug.xcconfig"; sourceTree = "<group>"; };
		EA7BE2FC1F78EB72008A494A /* RxSwiftTutorials.app */ = {isa = PBXFileReference; explicitFileType = wrapper.application; includeInIndex = 0; path = RxSwiftTutorials.app; sourceTree = BUILT_PRODUCTS_DIR; };
		EA7BE2FF1F78EB72008A494A /* AppDelegate.swift */ = {isa = PBXFileReference; lastKnownFileType = sourcecode.swift; path = AppDelegate.swift; sourceTree = "<group>"; };
		EA7BE3011F78EB72008A494A /* ViewController.swift */ = {isa = PBXFileReference; lastKnownFileType = sourcecode.swift; path = ViewController.swift; sourceTree = "<group>"; };
		EA7BE3041F78EB72008A494A /* Base */ = {isa = PBXFileReference; lastKnownFileType = file.storyboard; name = Base; path = Base.lproj/Main.storyboard; sourceTree = "<group>"; };
		EA7BE3061F78EB72008A494A /* Assets.xcassets */ = {isa = PBXFileReference; lastKnownFileType = folder.assetcatalog; path = Assets.xcassets; sourceTree = "<group>"; };
		EA7BE3091F78EB72008A494A /* Base */ = {isa = PBXFileReference; lastKnownFileType = file.storyboard; name = Base; path = Base.lproj/LaunchScreen.storyboard; sourceTree = "<group>"; };
		EA7BE30B1F78EB72008A494A /* Info.plist */ = {isa = PBXFileReference; lastKnownFileType = text.plist.xml; path = Info.plist; sourceTree = "<group>"; };
		EA7BE3121F791917008A494A /* Sample */ = {isa = PBXFileReference; lastKnownFileType = folder; path = Sample; sourceTree = "<group>"; };
/* End PBXFileReference section */

/* Begin PBXFrameworksBuildPhase section */
		EA7BE2F91F78EB72008A494A /* Frameworks */ = {
			isa = PBXFrameworksBuildPhase;
			buildActionMask = 2147483647;
			files = (
				08704267EBB53661E87A8C65 /* Pods_RxSwiftTutorials.framework in Frameworks */,
			);
			runOnlyForDeploymentPostprocessing = 0;
		};
/* End PBXFrameworksBuildPhase section */

/* Begin PBXGroup section */
		B703A0DC336F65E0F9AE3BAA /* Frameworks */ = {
			isa = PBXGroup;
			children = (
				375841F4BCA5663AF299C617 /* Pods_RxSwiftTutorials.framework */,
			);
			name = Frameworks;
			sourceTree = "<group>";
		};
		CB19F03E0228F39C2B8507C5 /* Pods */ = {
			isa = PBXGroup;
			children = (
				D9A80A06A4E3B3248AF3DCEC /* Pods-RxSwiftTutorials.debug.xcconfig */,
				291D3F0777DE23565023DF3B /* Pods-RxSwiftTutorials.release.xcconfig */,
			);
			name = Pods;
			sourceTree = "<group>";
		};
		EA7BE2F31F78EB72008A494A = {
			isa = PBXGroup;
			children = (
				EA7BE2FE1F78EB72008A494A /* RxSwiftTutorials */,
				EA7BE2FD1F78EB72008A494A /* Products */,
				CB19F03E0228F39C2B8507C5 /* Pods */,
				B703A0DC336F65E0F9AE3BAA /* Frameworks */,
			);
			sourceTree = "<group>";
		};
		EA7BE2FD1F78EB72008A494A /* Products */ = {
			isa = PBXGroup;
			children = (
				EA7BE2FC1F78EB72008A494A /* RxSwiftTutorials.app */,
			);
			name = Products;
			sourceTree = "<group>";
		};
		EA7BE2FE1F78EB72008A494A /* RxSwiftTutorials */ = {
			isa = PBXGroup;
			children = (
				EA7BE3121F791917008A494A /* Sample */,
				EA7BE2FF1F78EB72008A494A /* AppDelegate.swift */,
				EA7BE3011F78EB72008A494A /* ViewController.swift */,
				EA7BE3031F78EB72008A494A /* Main.storyboard */,
				EA7BE3061F78EB72008A494A /* Assets.xcassets */,
				EA7BE3081F78EB72008A494A /* LaunchScreen.storyboard */,
				EA7BE30B1F78EB72008A494A /* Info.plist */,
			);
			path = RxSwiftTutorials;
			sourceTree = "<group>";
		};
/* End PBXGroup section */

/* Begin PBXNativeTarget section */
		EA7BE2FB1F78EB72008A494A /* RxSwiftTutorials */ = {
			isa = PBXNativeTarget;
			buildConfigurationList = EA7BE30E1F78EB72008A494A /* Build configuration list for PBXNativeTarget "RxSwiftTutorials" */;
			buildPhases = (
				52A751FDA454DAB8761D85B7 /* [CP] Check Pods Manifest.lock */,
				EA7BE2F81F78EB72008A494A /* Sources */,
				EA7BE2F91F78EB72008A494A /* Frameworks */,
				EA7BE2FA1F78EB72008A494A /* Resources */,
				FA2983A66741F2DC0307E568 /* [CP] Embed Pods Frameworks */,
				64B4284FC9C5DD964A9810ED /* [CP] Copy Pods Resources */,
			);
			buildRules = (
			);
			dependencies = (
			);
			name = RxSwiftTutorials;
			productName = RxSwiftTutorials;
			productReference = EA7BE2FC1F78EB72008A494A /* RxSwiftTutorials.app */;
			productType = "com.apple.product-type.application";
		};
/* End PBXNativeTarget section */

/* Begin PBXProject section */
		EA7BE2F41F78EB72008A494A /* Project object */ = {
			isa = PBXProject;
			attributes = {
				LastSwiftUpdateCheck = 0900;
				LastUpgradeCheck = 0900;
				ORGANIZATIONNAME = "Asian Tech Inc";
				TargetAttributes = {
					EA7BE2FB1F78EB72008A494A = {
						CreatedOnToolsVersion = 9.0;
						ProvisioningStyle = Automatic;
					};
				};
			};
			buildConfigurationList = EA7BE2F71F78EB72008A494A /* Build configuration list for PBXProject "RxSwiftTutorials" */;
			compatibilityVersion = "Xcode 8.0";
			developmentRegion = en;
			hasScannedForEncodings = 0;
			knownRegions = (
				en,
				Base,
			);
			mainGroup = EA7BE2F31F78EB72008A494A;
			productRefGroup = EA7BE2FD1F78EB72008A494A /* Products */;
			projectDirPath = "";
			projectRoot = "";
			targets = (
				EA7BE2FB1F78EB72008A494A /* RxSwiftTutorials */,
			);
		};
/* End PBXProject section */

/* Begin PBXResourcesBuildPhase section */
		EA7BE2FA1F78EB72008A494A /* Resources */ = {
			isa = PBXResourcesBuildPhase;
			buildActionMask = 2147483647;
			files = (
				EA7BE30A1F78EB72008A494A /* LaunchScreen.storyboard in Resources */,
				EA7BE3071F78EB72008A494A /* Assets.xcassets in Resources */,
				EA7BE3051F78EB72008A494A /* Main.storyboard in Resources */,
			);
			runOnlyForDeploymentPostprocessing = 0;
		};
/* End PBXResourcesBuildPhase section */

/* Begin PBXShellScriptBuildPhase section */
		52A751FDA454DAB8761D85B7 /* [CP] Check Pods Manifest.lock */ = {
			isa = PBXShellScriptBuildPhase;
			buildActionMask = 2147483647;
			files = (
			);
			inputPaths = (
				"${PODS_PODFILE_DIR_PATH}/Podfile.lock",
				"${PODS_ROOT}/Manifest.lock",
			);
			name = "[CP] Check Pods Manifest.lock";
			outputPaths = (
				"$(DERIVED_FILE_DIR)/Pods-RxSwiftTutorials-checkManifestLockResult.txt",
			);
			runOnlyForDeploymentPostprocessing = 0;
			shellPath = /bin/sh;
			shellScript = "diff \"${PODS_PODFILE_DIR_PATH}/Podfile.lock\" \"${PODS_ROOT}/Manifest.lock\" > /dev/null\nif [ $? != 0 ] ; then\n    # print error to STDERR\n    echo \"error: The sandbox is not in sync with the Podfile.lock. Run 'pod install' or update your CocoaPods installation.\" >&2\n    exit 1\nfi\n# This output is used by Xcode 'outputs' to avoid re-running this script phase.\necho \"SUCCESS\" > \"${SCRIPT_OUTPUT_FILE_0}\"\n";
			showEnvVarsInLog = 0;
		};
		64B4284FC9C5DD964A9810ED /* [CP] Copy Pods Resources */ = {
			isa = PBXShellScriptBuildPhase;
			buildActionMask = 2147483647;
			files = (
			);
			inputPaths = (
			);
			name = "[CP] Copy Pods Resources";
			outputPaths = (
			);
			runOnlyForDeploymentPostprocessing = 0;
			shellPath = /bin/sh;
			shellScript = "\"${SRCROOT}/Pods/Target Support Files/Pods-RxSwiftTutorials/Pods-RxSwiftTutorials-resources.sh\"\n";
			showEnvVarsInLog = 0;
		};
		FA2983A66741F2DC0307E568 /* [CP] Embed Pods Frameworks */ = {
			isa = PBXShellScriptBuildPhase;
			buildActionMask = 2147483647;
			files = (
			);
			inputPaths = (
				"${SRCROOT}/Pods/Target Support Files/Pods-RxSwiftTutorials/Pods-RxSwiftTutorials-frameworks.sh",
				"${BUILT_PRODUCTS_DIR}/RxSwift/RxSwift.framework",
			);
			name = "[CP] Embed Pods Frameworks";
			outputPaths = (
				"${TARGET_BUILD_DIR}/${FRAMEWORKS_FOLDER_PATH}/RxSwift.framework",
			);
			runOnlyForDeploymentPostprocessing = 0;
			shellPath = /bin/sh;
			shellScript = "\"${SRCROOT}/Pods/Target Support Files/Pods-RxSwiftTutorials/Pods-RxSwiftTutorials-frameworks.sh\"\n";
			showEnvVarsInLog = 0;
		};
/* End PBXShellScriptBuildPhase section */

/* Begin PBXSourcesBuildPhase section */
		EA7BE2F81F78EB72008A494A /* Sources */ = {
			isa = PBXSourcesBuildPhase;
			buildActionMask = 2147483647;
			files = (
				EA7BE3021F78EB72008A494A /* ViewController.swift in Sources */,
				EA7BE3001F78EB72008A494A /* AppDelegate.swift in Sources */,
			);
			runOnlyForDeploymentPostprocessing = 0;
		};
/* End PBXSourcesBuildPhase section */

/* Begin PBXVariantGroup section */
		EA7BE3031F78EB72008A494A /* Main.storyboard */ = {
			isa = PBXVariantGroup;
			children = (
				EA7BE3041F78EB72008A494A /* Base */,
			);
			name = Main.storyboard;
			sourceTree = "<group>";
		};
		EA7BE3081F78EB72008A494A /* LaunchScreen.storyboard */ = {
			isa = PBXVariantGroup;
			children = (
				EA7BE3091F78EB72008A494A /* Base */,
			);
			name = LaunchScreen.storyboard;
			sourceTree = "<group>";
		};
/* End PBXVariantGroup section */

/* Begin XCBuildConfiguration section */
		EA7BE30C1F78EB72008A494A /* Debug */ = {
			isa = XCBuildConfiguration;
			buildSettings = {
				ALWAYS_SEARCH_USER_PATHS = NO;
				CLANG_ANALYZER_NONNULL = YES;
				CLANG_ANALYZER_NUMBER_OBJECT_CONVERSION = YES_AGGRESSIVE;
				CLANG_CXX_LANGUAGE_STANDARD = "gnu++14";
				CLANG_CXX_LIBRARY = "libc++";
				CLANG_ENABLE_MODULES = YES;
				CLANG_ENABLE_OBJC_ARC = YES;
				CLANG_WARN_BLOCK_CAPTURE_AUTORELEASING = YES;
				CLANG_WARN_BOOL_CONVERSION = YES;
				CLANG_WARN_COMMA = YES;
				CLANG_WARN_CONSTANT_CONVERSION = YES;
				CLANG_WARN_DIRECT_OBJC_ISA_USAGE = YES_ERROR;
				CLANG_WARN_DOCUMENTATION_COMMENTS = YES;
				CLANG_WARN_EMPTY_BODY = YES;
				CLANG_WARN_ENUM_CONVERSION = YES;
				CLANG_WARN_INFINITE_RECURSION = YES;
				CLANG_WARN_INT_CONVERSION = YES;
				CLANG_WARN_NON_LITERAL_NULL_CONVERSION = YES;
				CLANG_WARN_OBJC_LITERAL_CONVERSION = YES;
				CLANG_WARN_OBJC_ROOT_CLASS = YES_ERROR;
				CLANG_WARN_RANGE_LOOP_ANALYSIS = YES;
				CLANG_WARN_STRICT_PROTOTYPES = YES;
				CLANG_WARN_SUSPICIOUS_MOVE = YES;
				CLANG_WARN_UNGUARDED_AVAILABILITY = YES_AGGRESSIVE;
				CLANG_WARN_UNREACHABLE_CODE = YES;
				CLANG_WARN__DUPLICATE_METHOD_MATCH = YES;
				CODE_SIGN_IDENTITY = "iPhone Developer";
				COPY_PHASE_STRIP = NO;
				DEBUG_INFORMATION_FORMAT = dwarf;
				ENABLE_STRICT_OBJC_MSGSEND = YES;
				ENABLE_TESTABILITY = YES;
				GCC_C_LANGUAGE_STANDARD = gnu11;
				GCC_DYNAMIC_NO_PIC = NO;
				GCC_NO_COMMON_BLOCKS = YES;
				GCC_OPTIMIZATION_LEVEL = 0;
				GCC_PREPROCESSOR_DEFINITIONS = (
					"DEBUG=1",
					"$(inherited)",
				);
				GCC_WARN_64_TO_32_BIT_CONVERSION = YES;
				GCC_WARN_ABOUT_RETURN_TYPE = YES_ERROR;
				GCC_WARN_UNDECLARED_SELECTOR = YES;
				GCC_WARN_UNINITIALIZED_AUTOS = YES_AGGRESSIVE;
				GCC_WARN_UNUSED_FUNCTION = YES;
				GCC_WARN_UNUSED_VARIABLE = YES;
				IPHONEOS_DEPLOYMENT_TARGET = 11.0;
				MTL_ENABLE_DEBUG_INFO = YES;
				ONLY_ACTIVE_ARCH = YES;
				SDKROOT = iphoneos;
				SWIFT_ACTIVE_COMPILATION_CONDITIONS = DEBUG;
				SWIFT_OPTIMIZATION_LEVEL = "-Onone";
			};
			name = Debug;
		};
		EA7BE30D1F78EB72008A494A /* Release */ = {
			isa = XCBuildConfiguration;
			buildSettings = {
				ALWAYS_SEARCH_USER_PATHS = NO;
				CLANG_ANALYZER_NONNULL = YES;
				CLANG_ANALYZER_NUMBER_OBJECT_CONVERSION = YES_AGGRESSIVE;
				CLANG_CXX_LANGUAGE_STANDARD = "gnu++14";
				CLANG_CXX_LIBRARY = "libc++";
				CLANG_ENABLE_MODULES = YES;
				CLANG_ENABLE_OBJC_ARC = YES;
				CLANG_WARN_BLOCK_CAPTURE_AUTORELEASING = YES;
				CLANG_WARN_BOOL_CONVERSION = YES;
				CLANG_WARN_COMMA = YES;
				CLANG_WARN_CONSTANT_CONVERSION = YES;
				CLANG_WARN_DIRECT_OBJC_ISA_USAGE = YES_ERROR;
				CLANG_WARN_DOCUMENTATION_COMMENTS = YES;
				CLANG_WARN_EMPTY_BODY = YES;
				CLANG_WARN_ENUM_CONVERSION = YES;
				CLANG_WARN_INFINITE_RECURSION = YES;
				CLANG_WARN_INT_CONVERSION = YES;
				CLANG_WARN_NON_LITERAL_NULL_CONVERSION = YES;
				CLANG_WARN_OBJC_LITERAL_CONVERSION = YES;
				CLANG_WARN_OBJC_ROOT_CLASS = YES_ERROR;
				CLANG_WARN_RANGE_LOOP_ANALYSIS = YES;
				CLANG_WARN_STRICT_PROTOTYPES = YES;
				CLANG_WARN_SUSPICIOUS_MOVE = YES;
				CLANG_WARN_UNGUARDED_AVAILABILITY = YES_AGGRESSIVE;
				CLANG_WARN_UNREACHABLE_CODE = YES;
				CLANG_WARN__DUPLICATE_METHOD_MATCH = YES;
				CODE_SIGN_IDENTITY = "iPhone Developer";
				COPY_PHASE_STRIP = NO;
				DEBUG_INFORMATION_FORMAT = "dwarf-with-dsym";
				ENABLE_NS_ASSERTIONS = NO;
				ENABLE_STRICT_OBJC_MSGSEND = YES;
				GCC_C_LANGUAGE_STANDARD = gnu11;
				GCC_NO_COMMON_BLOCKS = YES;
				GCC_WARN_64_TO_32_BIT_CONVERSION = YES;
				GCC_WARN_ABOUT_RETURN_TYPE = YES_ERROR;
				GCC_WARN_UNDECLARED_SELECTOR = YES;
				GCC_WARN_UNINITIALIZED_AUTOS = YES_AGGRESSIVE;
				GCC_WARN_UNUSED_FUNCTION = YES;
				GCC_WARN_UNUSED_VARIABLE = YES;
				IPHONEOS_DEPLOYMENT_TARGET = 11.0;
				MTL_ENABLE_DEBUG_INFO = NO;
				SDKROOT = iphoneos;
				SWIFT_OPTIMIZATION_LEVEL = "-Owholemodule";
				VALIDATE_PRODUCT = YES;
			};
			name = Release;
		};
		EA7BE30F1F78EB72008A494A /* Debug */ = {
			isa = XCBuildConfiguration;
			baseConfigurationReference = D9A80A06A4E3B3248AF3DCEC /* Pods-RxSwiftTutorials.debug.xcconfig */;
			buildSettings = {
				ASSETCATALOG_COMPILER_APPICON_NAME = AppIcon;
				CODE_SIGN_STYLE = Automatic;
				INFOPLIST_FILE = RxSwiftTutorials/Info.plist;
				LD_RUNPATH_SEARCH_PATHS = "$(inherited) @executable_path/Frameworks";
				PRODUCT_BUNDLE_IDENTIFIER = vn.asiantech.RxSwiftTutorials;
				PRODUCT_NAME = "$(TARGET_NAME)";
				SWIFT_VERSION = 4.0;
				TARGETED_DEVICE_FAMILY = "1,2";
			};
			name = Debug;
		};
		EA7BE3101F78EB72008A494A /* Release */ = {
			isa = XCBuildConfiguration;
			baseConfigurationReference = 291D3F0777DE23565023DF3B /* Pods-RxSwiftTutorials.release.xcconfig */;
			buildSettings = {
				ASSETCATALOG_COMPILER_APPICON_NAME = AppIcon;
				CODE_SIGN_STYLE = Automatic;
				INFOPLIST_FILE = RxSwiftTutorials/Info.plist;
				LD_RUNPATH_SEARCH_PATHS = "$(inherited) @executable_path/Frameworks";
				PRODUCT_BUNDLE_IDENTIFIER = vn.asiantech.RxSwiftTutorials;
				PRODUCT_NAME = "$(TARGET_NAME)";
				SWIFT_VERSION = 4.0;
				TARGETED_DEVICE_FAMILY = "1,2";
			};
			name = Release;
		};
/* End XCBuildConfiguration section */

/* Begin XCConfigurationList section */
		EA7BE2F71F78EB72008A494A /* Build configuration list for PBXProject "RxSwiftTutorials" */ = {
			isa = XCConfigurationList;
			buildConfigurations = (
				EA7BE30C1F78EB72008A494A /* Debug */,
				EA7BE30D1F78EB72008A494A /* Release */,
			);
			defaultConfigurationIsVisible = 0;
			defaultConfigurationName = Release;
		};
		EA7BE30E1F78EB72008A494A /* Build configuration list for PBXNativeTarget "RxSwiftTutorials" */ = {
			isa = XCConfigurationList;
			buildConfigurations = (
				EA7BE30F1F78EB72008A494A /* Debug */,
				EA7BE3101F78EB72008A494A /* Release */,
			);
			defaultConfigurationIsVisible = 0;
			defaultConfigurationName = Release;
		};
/* End XCConfigurationList section */
	};
	rootObject = EA7BE2F41F78EB72008A494A /* Project object */;
}
